// !$*UTF8*$!
{
	archiveVersion = 1;
	classes = {
	};
	objectVersion = 51;
	objects = {

/* Begin PBXBuildFile section */
		39A2D04C12D1D00530806CBE /* Pods_EauDeFrance_EauDeFranceUITests.framework in Frameworks */ = {isa = PBXBuildFile; fileRef = DCBA32C43CCEC059A293A8FB /* Pods_EauDeFrance_EauDeFranceUITests.framework */; };
		97850CA8AFFCE07D307E0F89 /* Pods_EauDeFrance.framework in Frameworks */ = {isa = PBXBuildFile; fileRef = 1108CD3A041AEDA24EBEA2C1 /* Pods_EauDeFrance.framework */; };
		D21F8C737E0D0A19C4655C7A /* Pods_EauDeFranceTests.framework in Frameworks */ = {isa = PBXBuildFile; fileRef = 3A224A78F34645F408BF184D /* Pods_EauDeFranceTests.framework */; };
		D90E89A725A8BC5F00DB48D2 /* WaterQuality.swift in Sources */ = {isa = PBXBuildFile; fileRef = D90E89A625A8BC5F00DB48D2 /* WaterQuality.swift */; };
		D90E89AD25A8BCB900DB48D2 /* WaterQualityValue.json in Resources */ = {isa = PBXBuildFile; fileRef = D90E89AC25A8BCB900DB48D2 /* WaterQualityValue.json */; };
		D90E89B525A8BEAD00DB48D2 /* WaterQualityStation.json in Resources */ = {isa = PBXBuildFile; fileRef = D90E89B425A8BEAD00DB48D2 /* WaterQualityStation.json */; };
		D910743525AF56850099B34B /* Utilities.swift in Sources */ = {isa = PBXBuildFile; fileRef = D910743425AF56850099B34B /* Utilities.swift */; };
		D910743A25AF588A0099B34B /* TemperatureODF.swift in Sources */ = {isa = PBXBuildFile; fileRef = D910743925AF588A0099B34B /* TemperatureODF.swift */; };
		D910744225B0D7CD0099B34B /* TemperatureService.swift in Sources */ = {isa = PBXBuildFile; fileRef = D910744125B0D7CD0099B34B /* TemperatureService.swift */; };
		D910744725B0D9A70099B34B /* StationODF.swift in Sources */ = {isa = PBXBuildFile; fileRef = D910744625B0D9A70099B34B /* StationODF.swift */; };
		D910746825B0DE7F0099B34B /* StationService.swift in Sources */ = {isa = PBXBuildFile; fileRef = D910746725B0DE7F0099B34B /* StationService.swift */; };
		D910747525B19E590099B34B /* NetworkProtocol.swift in Sources */ = {isa = PBXBuildFile; fileRef = D910747425B19E590099B34B /* NetworkProtocol.swift */; };
		D910747A25B19EAA0099B34B /* NetworkService.swift in Sources */ = {isa = PBXBuildFile; fileRef = D910747925B19EAA0099B34B /* NetworkService.swift */; };
		D924FC6B25A4D7E10049832B /* AppDelegate.swift in Sources */ = {isa = PBXBuildFile; fileRef = D924FC6A25A4D7E10049832B /* AppDelegate.swift */; };
		D924FC6D25A4D7E10049832B /* SceneDelegate.swift in Sources */ = {isa = PBXBuildFile; fileRef = D924FC6C25A4D7E10049832B /* SceneDelegate.swift */; };
		D924FC6F25A4D7E10049832B /* MapViewController.swift in Sources */ = {isa = PBXBuildFile; fileRef = D924FC6E25A4D7E10049832B /* MapViewController.swift */; };
		D924FC7225A4D7E10049832B /* Main.storyboard in Resources */ = {isa = PBXBuildFile; fileRef = D924FC7025A4D7E10049832B /* Main.storyboard */; };
		D924FC7525A4D7E10049832B /* EauDeFrance.xcdatamodeld in Sources */ = {isa = PBXBuildFile; fileRef = D924FC7325A4D7E10049832B /* EauDeFrance.xcdatamodeld */; };
		D924FC7725A4D7E10049832B /* Assets.xcassets in Resources */ = {isa = PBXBuildFile; fileRef = D924FC7625A4D7E10049832B /* Assets.xcassets */; };
		D924FC7A25A4D7E10049832B /* LaunchScreen.storyboard in Resources */ = {isa = PBXBuildFile; fileRef = D924FC7825A4D7E10049832B /* LaunchScreen.storyboard */; };
		D924FC8525A4D7E20049832B /* EauDeFranceTests.swift in Sources */ = {isa = PBXBuildFile; fileRef = D924FC8425A4D7E20049832B /* EauDeFranceTests.swift */; };
		D924FC9025A4D7E20049832B /* EauDeFranceUITests.swift in Sources */ = {isa = PBXBuildFile; fileRef = D924FC8F25A4D7E20049832B /* EauDeFranceUITests.swift */; };
		D924FCBB25A708B30049832B /* TemperatureStation.json in Resources */ = {isa = PBXBuildFile; fileRef = D924FCBA25A708B30049832B /* TemperatureStation.json */; };
		D924FCC025A70A710049832B /* Hydrobiology.swift in Sources */ = {isa = PBXBuildFile; fileRef = D924FCBF25A70A710049832B /* Hydrobiology.swift */; };
		D924FCC525A70A990049832B /* HydrobiologyStation.json in Resources */ = {isa = PBXBuildFile; fileRef = D924FCC425A70A990049832B /* HydrobiologyStation.json */; };
		D924FCCA25A70B350049832B /* HydrometryHubeau.swift in Sources */ = {isa = PBXBuildFile; fileRef = D924FCC925A70B350049832B /* HydrometryHubeau.swift */; };
		D924FCCF25A70B490049832B /* PiezometryHubeau.swift in Sources */ = {isa = PBXBuildFile; fileRef = D924FCCE25A70B490049832B /* PiezometryHubeau.swift */; };
		D924FCDE25A71A320049832B /* GeometryHubeau.swift in Sources */ = {isa = PBXBuildFile; fileRef = D924FCDD25A71A320049832B /* GeometryHubeau.swift */; };
		D924FCE325A71AA10049832B /* CRSHubeau.swift in Sources */ = {isa = PBXBuildFile; fileRef = D924FCE225A71AA10049832B /* CRSHubeau.swift */; };
		D924FCED25A71B420049832B /* PropertiesHubeau.swift in Sources */ = {isa = PBXBuildFile; fileRef = D924FCEC25A71B420049832B /* PropertiesHubeau.swift */; };
		D924FCF625A71C610049832B /* ApiHubeauHeader.swift in Sources */ = {isa = PBXBuildFile; fileRef = D924FCF525A71C610049832B /* ApiHubeauHeader.swift */; };
		D924FD0125A7200F0049832B /* TemperatureHubeau.swift in Sources */ = {isa = PBXBuildFile; fileRef = D924FD0025A7200F0049832B /* TemperatureHubeau.swift */; };
		D924FD0C25A727EF0049832B /* HydrometryStation.json in Resources */ = {isa = PBXBuildFile; fileRef = D924FD0B25A727EF0049832B /* HydrometryStation.json */; };
		D924FD1125A72A4F0049832B /* PiezometrieStation.json in Resources */ = {isa = PBXBuildFile; fileRef = D924FD1025A72A4F0049832B /* PiezometrieStation.json */; };
		D924FD1F25A747420049832B /* TemperatureValue.json in Resources */ = {isa = PBXBuildFile; fileRef = D924FD1E25A747420049832B /* TemperatureValue.json */; };
		D924FD2425A7478C0049832B /* TemperatureValue.swift in Sources */ = {isa = PBXBuildFile; fileRef = D924FD2325A7478C0049832B /* TemperatureValue.swift */; };
		D93E70D125B9D04E00C7E7E3 /* SideMenuNavigationController.swift in Sources */ = {isa = PBXBuildFile; fileRef = D93E70D025B9D04E00C7E7E3 /* SideMenuNavigationController.swift */; };
		D93E70E425B9E74E00C7E7E3 /* SideMenuNavigationController+ENSideMenuDelegate.swift in Sources */ = {isa = PBXBuildFile; fileRef = D93E70E325B9E74E00C7E7E3 /* SideMenuNavigationController+ENSideMenuDelegate.swift */; };
		D93E70EC25B9E96C00C7E7E3 /* SideMenuTableViewController.swift in Sources */ = {isa = PBXBuildFile; fileRef = D93E70EB25B9E96C00C7E7E3 /* SideMenuTableViewController.swift */; };
		D93E710325B9F6DA00C7E7E3 /* MapViewController+ENSideMenuDelegate.swift in Sources */ = {isa = PBXBuildFile; fileRef = D93E710225B9F6DA00C7E7E3 /* MapViewController+ENSideMenuDelegate.swift */; };
		D93E712625BB704A00C7E7E3 /* ListStationViewController.swift in Sources */ = {isa = PBXBuildFile; fileRef = D93E712525BB704A00C7E7E3 /* ListStationViewController.swift */; };
		D93E712E25BB708400C7E7E3 /* ListStationVC+UITableViewDataSource.swift in Sources */ = {isa = PBXBuildFile; fileRef = D93E712D25BB708400C7E7E3 /* ListStationVC+UITableViewDataSource.swift */; };
		D93E713325BB70AE00C7E7E3 /* ListStationVC+PassDataToVC Protocol.swift in Sources */ = {isa = PBXBuildFile; fileRef = D93E713225BB70AE00C7E7E3 /* ListStationVC+PassDataToVC Protocol.swift */; };
		D93E713825BB70EE00C7E7E3 /* PassDataToVC.swift in Sources */ = {isa = PBXBuildFile; fileRef = D93E713725BB70EE00C7E7E3 /* PassDataToVC.swift */; };
		D93E713D25BB718000C7E7E3 /* ListStationTableViewCell.swift in Sources */ = {isa = PBXBuildFile; fileRef = D93E713C25BB718000C7E7E3 /* ListStationTableViewCell.swift */; };
		D93E714B25BC3E6200C7E7E3 /* ListStationVC+UITableViewDelegate.swift in Sources */ = {isa = PBXBuildFile; fileRef = D93E714A25BC3E6200C7E7E3 /* ListStationVC+UITableViewDelegate.swift */; };
		D93E715725BC3F7600C7E7E3 /* StationViewController.swift in Sources */ = {isa = PBXBuildFile; fileRef = D93E715625BC3F7600C7E7E3 /* StationViewController.swift */; };
		D93E715F25BC712F00C7E7E3 /* NewsCastViewController.swift in Sources */ = {isa = PBXBuildFile; fileRef = D93E715E25BC712F00C7E7E3 /* NewsCastViewController.swift */; };
		D93E716925BCAEEE00C7E7E3 /* BarChartViewController.swift in Sources */ = {isa = PBXBuildFile; fileRef = D93E716825BCAEEE00C7E7E3 /* BarChartViewController.swift */; };
		D93E717D25BCD88400C7E7E3 /* CustomButton.swift in Sources */ = {isa = PBXBuildFile; fileRef = D93E717C25BCD88400C7E7E3 /* CustomButton.swift */; };
		D93E718E25BD927500C7E7E3 /* CustomCallView.swift in Sources */ = {isa = PBXBuildFile; fileRef = D93E718D25BD927500C7E7E3 /* CustomCallView.swift */; };
		D93E719C25BF147000C7E7E3 /* Hubeau.swift in Sources */ = {isa = PBXBuildFile; fileRef = D93E719B25BF147000C7E7E3 /* Hubeau.swift */; };
		D93E71BA25C071E900C7E7E3 /* FigureService.swift in Sources */ = {isa = PBXBuildFile; fileRef = D93E71B925C071E900C7E7E3 /* FigureService.swift */; };
		D9996D2E25B47B7400D1EE2A /* MapViewControllerLocation+CLLocationManagerDelegate.swift in Sources */ = {isa = PBXBuildFile; fileRef = D9996D2D25B47B7400D1EE2A /* MapViewControllerLocation+CLLocationManagerDelegate.swift */; };
		D9996D3425B47C4C00D1EE2A /* VCUtilities.swift in Sources */ = {isa = PBXBuildFile; fileRef = D9996D3325B47C4C00D1EE2A /* VCUtilities.swift */; };
		D9996D3F25B4807E00D1EE2A /* StationODF+MKAnnotation.swift in Sources */ = {isa = PBXBuildFile; fileRef = D9996D3E25B4807E00D1EE2A /* StationODF+MKAnnotation.swift */; };
		D9996D5025B5A8AE00D1EE2A /* UIImageView Extension.swift in Sources */ = {isa = PBXBuildFile; fileRef = D9996D4F25B5A8AE00D1EE2A /* UIImageView Extension.swift */; };
		D9996D5525B5C0D000D1EE2A /* ServiceHubeau.swift in Sources */ = {isa = PBXBuildFile; fileRef = D9996D5425B5C0D000D1EE2A /* ServiceHubeau.swift */; };
		D9996D5B25B5C4DC00D1EE2A /* MapViewController+MKMapViewDelegate.swift in Sources */ = {isa = PBXBuildFile; fileRef = D9996D5A25B5C4DC00D1EE2A /* MapViewController+MKMapViewDelegate.swift */; };
		D9996D6C25B628A900D1EE2A /* StationAnnotationView.swift in Sources */ = {isa = PBXBuildFile; fileRef = D9996D6B25B628A900D1EE2A /* StationAnnotationView.swift */; };
		D9996D7125B62DD800D1EE2A /* CustomCallOutView.xib in Resources */ = {isa = PBXBuildFile; fileRef = D9996D7025B62DD800D1EE2A /* CustomCallOutView.xib */; };
		D9996D7625B62EC900D1EE2A /* CustomCallOutView.swift in Sources */ = {isa = PBXBuildFile; fileRef = D9996D7525B62EC900D1EE2A /* CustomCallOutView.swift */; };
/* End PBXBuildFile section */

/* Begin PBXContainerItemProxy section */
		D924FC8125A4D7E20049832B /* PBXContainerItemProxy */ = {
			isa = PBXContainerItemProxy;
			containerPortal = D924FC5F25A4D7E00049832B /* Project object */;
			proxyType = 1;
			remoteGlobalIDString = D924FC6625A4D7E00049832B;
			remoteInfo = EauDeFrance;
		};
		D924FC8C25A4D7E20049832B /* PBXContainerItemProxy */ = {
			isa = PBXContainerItemProxy;
			containerPortal = D924FC5F25A4D7E00049832B /* Project object */;
			proxyType = 1;
			remoteGlobalIDString = D924FC6625A4D7E00049832B;
			remoteInfo = EauDeFrance;
		};
/* End PBXContainerItemProxy section */

/* Begin PBXFileReference section */
		1108CD3A041AEDA24EBEA2C1 /* Pods_EauDeFrance.framework */ = {isa = PBXFileReference; explicitFileType = wrapper.framework; includeInIndex = 0; path = Pods_EauDeFrance.framework; sourceTree = BUILT_PRODUCTS_DIR; };
		3A224A78F34645F408BF184D /* Pods_EauDeFranceTests.framework */ = {isa = PBXFileReference; explicitFileType = wrapper.framework; includeInIndex = 0; path = Pods_EauDeFranceTests.framework; sourceTree = BUILT_PRODUCTS_DIR; };
		3DAF752EE5D8D5558996ACB1 /* Pods-EauDeFranceTests.release.xcconfig */ = {isa = PBXFileReference; includeInIndex = 1; lastKnownFileType = text.xcconfig; name = "Pods-EauDeFranceTests.release.xcconfig"; path = "Target Support Files/Pods-EauDeFranceTests/Pods-EauDeFranceTests.release.xcconfig"; sourceTree = "<group>"; };
		75F4B7ED2E84CFA8DBC030F5 /* Pods-EauDeFrance-EauDeFranceUITests.release.xcconfig */ = {isa = PBXFileReference; includeInIndex = 1; lastKnownFileType = text.xcconfig; name = "Pods-EauDeFrance-EauDeFranceUITests.release.xcconfig"; path = "Target Support Files/Pods-EauDeFrance-EauDeFranceUITests/Pods-EauDeFrance-EauDeFranceUITests.release.xcconfig"; sourceTree = "<group>"; };
		A1DA3220B9873C97A8218E71 /* Pods-EauDeFrance.debug.xcconfig */ = {isa = PBXFileReference; includeInIndex = 1; lastKnownFileType = text.xcconfig; name = "Pods-EauDeFrance.debug.xcconfig"; path = "Target Support Files/Pods-EauDeFrance/Pods-EauDeFrance.debug.xcconfig"; sourceTree = "<group>"; };
		AB5C9C8CA348FA34F5A9EF5C /* Pods-EauDeFranceTests.debug.xcconfig */ = {isa = PBXFileReference; includeInIndex = 1; lastKnownFileType = text.xcconfig; name = "Pods-EauDeFranceTests.debug.xcconfig"; path = "Target Support Files/Pods-EauDeFranceTests/Pods-EauDeFranceTests.debug.xcconfig"; sourceTree = "<group>"; };
		C222FA80F3FC09D89ED2924F /* Pods-EauDeFrance.release.xcconfig */ = {isa = PBXFileReference; includeInIndex = 1; lastKnownFileType = text.xcconfig; name = "Pods-EauDeFrance.release.xcconfig"; path = "Target Support Files/Pods-EauDeFrance/Pods-EauDeFrance.release.xcconfig"; sourceTree = "<group>"; };
		D90E89A625A8BC5F00DB48D2 /* WaterQuality.swift */ = {isa = PBXFileReference; lastKnownFileType = sourcecode.swift; path = WaterQuality.swift; sourceTree = "<group>"; };
		D90E89AC25A8BCB900DB48D2 /* WaterQualityValue.json */ = {isa = PBXFileReference; lastKnownFileType = text.json; path = WaterQualityValue.json; sourceTree = "<group>"; };
		D90E89B425A8BEAD00DB48D2 /* WaterQualityStation.json */ = {isa = PBXFileReference; lastKnownFileType = text.json; path = WaterQualityStation.json; sourceTree = "<group>"; };
		D910743425AF56850099B34B /* Utilities.swift */ = {isa = PBXFileReference; lastKnownFileType = sourcecode.swift; path = Utilities.swift; sourceTree = "<group>"; };
		D910743925AF588A0099B34B /* TemperatureODF.swift */ = {isa = PBXFileReference; lastKnownFileType = sourcecode.swift; path = TemperatureODF.swift; sourceTree = "<group>"; };
		D910744125B0D7CD0099B34B /* TemperatureService.swift */ = {isa = PBXFileReference; lastKnownFileType = sourcecode.swift; path = TemperatureService.swift; sourceTree = "<group>"; };
		D910744625B0D9A70099B34B /* StationODF.swift */ = {isa = PBXFileReference; lastKnownFileType = sourcecode.swift; path = StationODF.swift; sourceTree = "<group>"; };
		D910746725B0DE7F0099B34B /* StationService.swift */ = {isa = PBXFileReference; lastKnownFileType = sourcecode.swift; path = StationService.swift; sourceTree = "<group>"; };
		D910747425B19E590099B34B /* NetworkProtocol.swift */ = {isa = PBXFileReference; lastKnownFileType = sourcecode.swift; path = NetworkProtocol.swift; sourceTree = "<group>"; };
		D910747925B19EAA0099B34B /* NetworkService.swift */ = {isa = PBXFileReference; lastKnownFileType = sourcecode.swift; path = NetworkService.swift; sourceTree = "<group>"; };
		D924FC6725A4D7E10049832B /* EauDeFrance.app */ = {isa = PBXFileReference; explicitFileType = wrapper.application; includeInIndex = 0; path = EauDeFrance.app; sourceTree = BUILT_PRODUCTS_DIR; };
		D924FC6A25A4D7E10049832B /* AppDelegate.swift */ = {isa = PBXFileReference; lastKnownFileType = sourcecode.swift; path = AppDelegate.swift; sourceTree = "<group>"; };
		D924FC6C25A4D7E10049832B /* SceneDelegate.swift */ = {isa = PBXFileReference; lastKnownFileType = sourcecode.swift; path = SceneDelegate.swift; sourceTree = "<group>"; };
		D924FC6E25A4D7E10049832B /* MapViewController.swift */ = {isa = PBXFileReference; lastKnownFileType = sourcecode.swift; path = MapViewController.swift; sourceTree = "<group>"; };
		D924FC7125A4D7E10049832B /* Base */ = {isa = PBXFileReference; lastKnownFileType = file.storyboard; name = Base; path = Base.lproj/Main.storyboard; sourceTree = "<group>"; };
		D924FC7425A4D7E10049832B /* EauDeFrance.xcdatamodel */ = {isa = PBXFileReference; lastKnownFileType = wrapper.xcdatamodel; path = EauDeFrance.xcdatamodel; sourceTree = "<group>"; };
		D924FC7625A4D7E10049832B /* Assets.xcassets */ = {isa = PBXFileReference; lastKnownFileType = folder.assetcatalog; path = Assets.xcassets; sourceTree = "<group>"; };
		D924FC7925A4D7E10049832B /* Base */ = {isa = PBXFileReference; lastKnownFileType = file.storyboard; name = Base; path = Base.lproj/LaunchScreen.storyboard; sourceTree = "<group>"; };
		D924FC7B25A4D7E10049832B /* Info.plist */ = {isa = PBXFileReference; lastKnownFileType = text.plist.xml; path = Info.plist; sourceTree = "<group>"; };
		D924FC8025A4D7E20049832B /* EauDeFranceTests.xctest */ = {isa = PBXFileReference; explicitFileType = wrapper.cfbundle; includeInIndex = 0; path = EauDeFranceTests.xctest; sourceTree = BUILT_PRODUCTS_DIR; };
		D924FC8425A4D7E20049832B /* EauDeFranceTests.swift */ = {isa = PBXFileReference; lastKnownFileType = sourcecode.swift; path = EauDeFranceTests.swift; sourceTree = "<group>"; };
		D924FC8625A4D7E20049832B /* Info.plist */ = {isa = PBXFileReference; lastKnownFileType = text.plist.xml; path = Info.plist; sourceTree = "<group>"; };
		D924FC8B25A4D7E20049832B /* EauDeFranceUITests.xctest */ = {isa = PBXFileReference; explicitFileType = wrapper.cfbundle; includeInIndex = 0; path = EauDeFranceUITests.xctest; sourceTree = BUILT_PRODUCTS_DIR; };
		D924FC8F25A4D7E20049832B /* EauDeFranceUITests.swift */ = {isa = PBXFileReference; lastKnownFileType = sourcecode.swift; path = EauDeFranceUITests.swift; sourceTree = "<group>"; };
		D924FC9125A4D7E20049832B /* Info.plist */ = {isa = PBXFileReference; lastKnownFileType = text.plist.xml; path = Info.plist; sourceTree = "<group>"; };
		D924FCBA25A708B30049832B /* TemperatureStation.json */ = {isa = PBXFileReference; lastKnownFileType = text.json; path = TemperatureStation.json; sourceTree = "<group>"; };
		D924FCBF25A70A710049832B /* Hydrobiology.swift */ = {isa = PBXFileReference; lastKnownFileType = sourcecode.swift; name = Hydrobiology.swift; path = HubeauStruct/Hydrobiology.swift; sourceTree = "<group>"; };
		D924FCC425A70A990049832B /* HydrobiologyStation.json */ = {isa = PBXFileReference; lastKnownFileType = text.json; path = HydrobiologyStation.json; sourceTree = "<group>"; };
		D924FCC925A70B350049832B /* HydrometryHubeau.swift */ = {isa = PBXFileReference; lastKnownFileType = sourcecode.swift; name = HydrometryHubeau.swift; path = HubeauStruct/HydrometryHubeau.swift; sourceTree = "<group>"; };
		D924FCCE25A70B490049832B /* PiezometryHubeau.swift */ = {isa = PBXFileReference; lastKnownFileType = sourcecode.swift; path = PiezometryHubeau.swift; sourceTree = "<group>"; };
		D924FCDD25A71A320049832B /* GeometryHubeau.swift */ = {isa = PBXFileReference; lastKnownFileType = sourcecode.swift; path = GeometryHubeau.swift; sourceTree = "<group>"; };
		D924FCE225A71AA10049832B /* CRSHubeau.swift */ = {isa = PBXFileReference; lastKnownFileType = sourcecode.swift; path = CRSHubeau.swift; sourceTree = "<group>"; };
		D924FCEC25A71B420049832B /* PropertiesHubeau.swift */ = {isa = PBXFileReference; lastKnownFileType = sourcecode.swift; path = PropertiesHubeau.swift; sourceTree = "<group>"; };
		D924FCF525A71C610049832B /* ApiHubeauHeader.swift */ = {isa = PBXFileReference; fileEncoding = 4; lastKnownFileType = sourcecode.swift; path = ApiHubeauHeader.swift; sourceTree = "<group>"; };
		D924FD0025A7200F0049832B /* TemperatureHubeau.swift */ = {isa = PBXFileReference; fileEncoding = 4; lastKnownFileType = sourcecode.swift; path = TemperatureHubeau.swift; sourceTree = "<group>"; };
		D924FD0B25A727EF0049832B /* HydrometryStation.json */ = {isa = PBXFileReference; lastKnownFileType = text.json; path = HydrometryStation.json; sourceTree = "<group>"; };
		D924FD1025A72A4F0049832B /* PiezometrieStation.json */ = {isa = PBXFileReference; lastKnownFileType = text.json; path = PiezometrieStation.json; sourceTree = "<group>"; };
		D924FD1E25A747420049832B /* TemperatureValue.json */ = {isa = PBXFileReference; lastKnownFileType = text.json; path = TemperatureValue.json; sourceTree = "<group>"; };
		D924FD2325A7478C0049832B /* TemperatureValue.swift */ = {isa = PBXFileReference; lastKnownFileType = sourcecode.swift; path = TemperatureValue.swift; sourceTree = "<group>"; };
		D93E70D025B9D04E00C7E7E3 /* SideMenuNavigationController.swift */ = {isa = PBXFileReference; lastKnownFileType = sourcecode.swift; path = SideMenuNavigationController.swift; sourceTree = "<group>"; };
		D93E70E325B9E74E00C7E7E3 /* SideMenuNavigationController+ENSideMenuDelegate.swift */ = {isa = PBXFileReference; lastKnownFileType = sourcecode.swift; path = "SideMenuNavigationController+ENSideMenuDelegate.swift"; sourceTree = "<group>"; };
		D93E70EB25B9E96C00C7E7E3 /* SideMenuTableViewController.swift */ = {isa = PBXFileReference; lastKnownFileType = sourcecode.swift; path = SideMenuTableViewController.swift; sourceTree = "<group>"; };
		D93E710225B9F6DA00C7E7E3 /* MapViewController+ENSideMenuDelegate.swift */ = {isa = PBXFileReference; lastKnownFileType = sourcecode.swift; path = "MapViewController+ENSideMenuDelegate.swift"; sourceTree = "<group>"; };
		D93E712525BB704A00C7E7E3 /* ListStationViewController.swift */ = {isa = PBXFileReference; lastKnownFileType = sourcecode.swift; path = ListStationViewController.swift; sourceTree = "<group>"; };
		D93E712D25BB708400C7E7E3 /* ListStationVC+UITableViewDataSource.swift */ = {isa = PBXFileReference; lastKnownFileType = sourcecode.swift; path = "ListStationVC+UITableViewDataSource.swift"; sourceTree = "<group>"; };
		D93E713225BB70AE00C7E7E3 /* ListStationVC+PassDataToVC Protocol.swift */ = {isa = PBXFileReference; lastKnownFileType = sourcecode.swift; path = "ListStationVC+PassDataToVC Protocol.swift"; sourceTree = "<group>"; };
		D93E713725BB70EE00C7E7E3 /* PassDataToVC.swift */ = {isa = PBXFileReference; lastKnownFileType = sourcecode.swift; path = PassDataToVC.swift; sourceTree = "<group>"; };
		D93E713C25BB718000C7E7E3 /* ListStationTableViewCell.swift */ = {isa = PBXFileReference; lastKnownFileType = sourcecode.swift; path = ListStationTableViewCell.swift; sourceTree = "<group>"; };
		D93E714A25BC3E6200C7E7E3 /* ListStationVC+UITableViewDelegate.swift */ = {isa = PBXFileReference; lastKnownFileType = sourcecode.swift; path = "ListStationVC+UITableViewDelegate.swift"; sourceTree = "<group>"; };
		D93E715625BC3F7600C7E7E3 /* StationViewController.swift */ = {isa = PBXFileReference; lastKnownFileType = sourcecode.swift; path = StationViewController.swift; sourceTree = "<group>"; };
		D93E715E25BC712F00C7E7E3 /* NewsCastViewController.swift */ = {isa = PBXFileReference; lastKnownFileType = sourcecode.swift; path = NewsCastViewController.swift; sourceTree = "<group>"; };
		D93E716825BCAEEE00C7E7E3 /* BarChartViewController.swift */ = {isa = PBXFileReference; lastKnownFileType = sourcecode.swift; path = BarChartViewController.swift; sourceTree = "<group>"; };
		D93E717C25BCD88400C7E7E3 /* CustomButton.swift */ = {isa = PBXFileReference; lastKnownFileType = sourcecode.swift; path = CustomButton.swift; sourceTree = "<group>"; };
		D93E718D25BD927500C7E7E3 /* CustomCallView.swift */ = {isa = PBXFileReference; lastKnownFileType = sourcecode.swift; path = CustomCallView.swift; sourceTree = "<group>"; };
		D93E719B25BF147000C7E7E3 /* Hubeau.swift */ = {isa = PBXFileReference; lastKnownFileType = sourcecode.swift; path = Hubeau.swift; sourceTree = "<group>"; };
		D93E71B925C071E900C7E7E3 /* FigureService.swift */ = {isa = PBXFileReference; lastKnownFileType = sourcecode.swift; path = FigureService.swift; sourceTree = "<group>"; };
		D9996D2D25B47B7400D1EE2A /* MapViewControllerLocation+CLLocationManagerDelegate.swift */ = {isa = PBXFileReference; lastKnownFileType = sourcecode.swift; path = "MapViewControllerLocation+CLLocationManagerDelegate.swift"; sourceTree = "<group>"; };
		D9996D3325B47C4C00D1EE2A /* VCUtilities.swift */ = {isa = PBXFileReference; lastKnownFileType = sourcecode.swift; path = VCUtilities.swift; sourceTree = "<group>"; };
		D9996D3E25B4807E00D1EE2A /* StationODF+MKAnnotation.swift */ = {isa = PBXFileReference; lastKnownFileType = sourcecode.swift; name = "StationODF+MKAnnotation.swift"; path = "../Controller/StationODF+MKAnnotation.swift"; sourceTree = "<group>"; };
		D9996D4F25B5A8AE00D1EE2A /* UIImageView Extension.swift */ = {isa = PBXFileReference; lastKnownFileType = sourcecode.swift; path = "UIImageView Extension.swift"; sourceTree = "<group>"; };
		D9996D5425B5C0D000D1EE2A /* ServiceHubeau.swift */ = {isa = PBXFileReference; lastKnownFileType = sourcecode.swift; name = ServiceHubeau.swift; path = ../ServiceHubeau.swift; sourceTree = "<group>"; };
		D9996D5A25B5C4DC00D1EE2A /* MapViewController+MKMapViewDelegate.swift */ = {isa = PBXFileReference; lastKnownFileType = sourcecode.swift; path = "MapViewController+MKMapViewDelegate.swift"; sourceTree = "<group>"; };
		D9996D6B25B628A900D1EE2A /* StationAnnotationView.swift */ = {isa = PBXFileReference; lastKnownFileType = sourcecode.swift; path = StationAnnotationView.swift; sourceTree = "<group>"; };
		D9996D7025B62DD800D1EE2A /* CustomCallOutView.xib */ = {isa = PBXFileReference; lastKnownFileType = file.xib; path = CustomCallOutView.xib; sourceTree = "<group>"; };
		D9996D7525B62EC900D1EE2A /* CustomCallOutView.swift */ = {isa = PBXFileReference; lastKnownFileType = sourcecode.swift; path = CustomCallOutView.swift; sourceTree = "<group>"; };
		DCBA32C43CCEC059A293A8FB /* Pods_EauDeFrance_EauDeFranceUITests.framework */ = {isa = PBXFileReference; explicitFileType = wrapper.framework; includeInIndex = 0; path = Pods_EauDeFrance_EauDeFranceUITests.framework; sourceTree = BUILT_PRODUCTS_DIR; };
		F6DD2B0D5F40BD659D1A8CEA /* Pods-EauDeFrance-EauDeFranceUITests.debug.xcconfig */ = {isa = PBXFileReference; includeInIndex = 1; lastKnownFileType = text.xcconfig; name = "Pods-EauDeFrance-EauDeFranceUITests.debug.xcconfig"; path = "Target Support Files/Pods-EauDeFrance-EauDeFranceUITests/Pods-EauDeFrance-EauDeFranceUITests.debug.xcconfig"; sourceTree = "<group>"; };
/* End PBXFileReference section */

/* Begin PBXFrameworksBuildPhase section */
		D924FC6425A4D7E00049832B /* Frameworks */ = {
			isa = PBXFrameworksBuildPhase;
			buildActionMask = 2147483647;
			files = (
				97850CA8AFFCE07D307E0F89 /* Pods_EauDeFrance.framework in Frameworks */,
			);
			runOnlyForDeploymentPostprocessing = 0;
		};
		D924FC7D25A4D7E20049832B /* Frameworks */ = {
			isa = PBXFrameworksBuildPhase;
			buildActionMask = 2147483647;
			files = (
				D21F8C737E0D0A19C4655C7A /* Pods_EauDeFranceTests.framework in Frameworks */,
			);
			runOnlyForDeploymentPostprocessing = 0;
		};
		D924FC8825A4D7E20049832B /* Frameworks */ = {
			isa = PBXFrameworksBuildPhase;
			buildActionMask = 2147483647;
			files = (
				39A2D04C12D1D00530806CBE /* Pods_EauDeFrance_EauDeFranceUITests.framework in Frameworks */,
			);
			runOnlyForDeploymentPostprocessing = 0;
		};
/* End PBXFrameworksBuildPhase section */

/* Begin PBXGroup section */
		2BF6794DA7F32CDD616286B7 /* Frameworks */ = {
			isa = PBXGroup;
			children = (
				1108CD3A041AEDA24EBEA2C1 /* Pods_EauDeFrance.framework */,
				DCBA32C43CCEC059A293A8FB /* Pods_EauDeFrance_EauDeFranceUITests.framework */,
				3A224A78F34645F408BF184D /* Pods_EauDeFranceTests.framework */,
			);
			name = Frameworks;
			sourceTree = "<group>";
		};
		9220932207E50EF6EE502372 /* Pods */ = {
			isa = PBXGroup;
			children = (
				A1DA3220B9873C97A8218E71 /* Pods-EauDeFrance.debug.xcconfig */,
				C222FA80F3FC09D89ED2924F /* Pods-EauDeFrance.release.xcconfig */,
				F6DD2B0D5F40BD659D1A8CEA /* Pods-EauDeFrance-EauDeFranceUITests.debug.xcconfig */,
				75F4B7ED2E84CFA8DBC030F5 /* Pods-EauDeFrance-EauDeFranceUITests.release.xcconfig */,
				AB5C9C8CA348FA34F5A9EF5C /* Pods-EauDeFranceTests.debug.xcconfig */,
				3DAF752EE5D8D5558996ACB1 /* Pods-EauDeFranceTests.release.xcconfig */,
			);
			path = Pods;
			sourceTree = "<group>";
		};
		D90E89A525A8BC3A00DB48D2 /* WaterQuality */ = {
			isa = PBXGroup;
			children = (
				D90E89A625A8BC5F00DB48D2 /* WaterQuality.swift */,
			);
			name = WaterQuality;
			path = ..;
			sourceTree = "<group>";
		};
		D90E89AB25A8BC7E00DB48D2 /* WaterQualityTests */ = {
			isa = PBXGroup;
			children = (
				D90E89AC25A8BCB900DB48D2 /* WaterQualityValue.json */,
				D90E89B425A8BEAD00DB48D2 /* WaterQualityStation.json */,
			);
			name = WaterQualityTests;
			sourceTree = "<group>";
		};
		D910742D25AF54DD0099B34B /* Services */ = {
			isa = PBXGroup;
			children = (
				D910744125B0D7CD0099B34B /* TemperatureService.swift */,
				D910746725B0DE7F0099B34B /* StationService.swift */,
				D93E71B925C071E900C7E7E3 /* FigureService.swift */,
				D910747425B19E590099B34B /* NetworkProtocol.swift */,
				D910747925B19EAA0099B34B /* NetworkService.swift */,
			);
			path = Services;
			sourceTree = "<group>";
		};
		D910742E25AF55CF0099B34B /* Utilities */ = {
			isa = PBXGroup;
			children = (
				D910743425AF56850099B34B /* Utilities.swift */,
			);
			path = Utilities;
			sourceTree = "<group>";
		};
		D910745125B0DCE30099B34B /* EauDeFranceStruct */ = {
			isa = PBXGroup;
			children = (
				D910744625B0D9A70099B34B /* StationODF.swift */,
				D9996D3E25B4807E00D1EE2A /* StationODF+MKAnnotation.swift */,
				D910743925AF588A0099B34B /* TemperatureODF.swift */,
			);
			name = EauDeFranceStruct;
			sourceTree = "<group>";
		};
		D924FC5E25A4D7E00049832B = {
			isa = PBXGroup;
			children = (
				D924FC6925A4D7E10049832B /* EauDeFrance */,
				D924FC8325A4D7E20049832B /* EauDeFranceTests */,
				D924FC8E25A4D7E20049832B /* EauDeFranceUITests */,
				D924FC6825A4D7E10049832B /* Products */,
				9220932207E50EF6EE502372 /* Pods */,
				2BF6794DA7F32CDD616286B7 /* Frameworks */,
			);
			sourceTree = "<group>";
		};
		D924FC6825A4D7E10049832B /* Products */ = {
			isa = PBXGroup;
			children = (
				D924FC6725A4D7E10049832B /* EauDeFrance.app */,
				D924FC8025A4D7E20049832B /* EauDeFranceTests.xctest */,
				D924FC8B25A4D7E20049832B /* EauDeFranceUITests.xctest */,
			);
			name = Products;
			sourceTree = "<group>";
		};
		D924FC6925A4D7E10049832B /* EauDeFrance */ = {
			isa = PBXGroup;
			children = (
				D924FCA325A4D8AD0049832B /* Model */,
				D924FCA425A4D8B70049832B /* View */,
				D924FCA525A4D8C80049832B /* Controller */,
				D924FCAC25A5FDEC0049832B /* Supporting Files */,
			);
			path = EauDeFrance;
			sourceTree = "<group>";
		};
		D924FC8325A4D7E20049832B /* EauDeFranceTests */ = {
			isa = PBXGroup;
			children = (
				D90E89AB25A8BC7E00DB48D2 /* WaterQualityTests */,
				D924FCB425A706730049832B /* PiezometryTests */,
				D924FCB325A706510049832B /* HydrometryTests */,
				D924FCB225A706440049832B /* TemperatureTests */,
				D924FCB125A706270049832B /* HydrobiologyTests */,
				D924FC8425A4D7E20049832B /* EauDeFranceTests.swift */,
				D924FC8625A4D7E20049832B /* Info.plist */,
			);
			path = EauDeFranceTests;
			sourceTree = "<group>";
		};
		D924FC8E25A4D7E20049832B /* EauDeFranceUITests */ = {
			isa = PBXGroup;
			children = (
				D924FC8F25A4D7E20049832B /* EauDeFranceUITests.swift */,
				D924FC9125A4D7E20049832B /* Info.plist */,
			);
			path = EauDeFranceUITests;
			sourceTree = "<group>";
		};
		D924FCA325A4D8AD0049832B /* Model */ = {
			isa = PBXGroup;
			children = (
				D910745125B0DCE30099B34B /* EauDeFranceStruct */,
				D910742E25AF55CF0099B34B /* Utilities */,
				D924FCD325A70FD90049832B /* HubeauStruct */,
				D910742D25AF54DD0099B34B /* Services */,
				D924FC7325A4D7E10049832B /* EauDeFrance.xcdatamodeld */,
			);
			path = Model;
			sourceTree = "<group>";
		};
		D924FCA425A4D8B70049832B /* View */ = {
			isa = PBXGroup;
			children = (
				D924FC7825A4D7E10049832B /* LaunchScreen.storyboard */,
				D924FC7025A4D7E10049832B /* Main.storyboard */,
				D9996D7025B62DD800D1EE2A /* CustomCallOutView.xib */,
			);
			path = View;
			sourceTree = "<group>";
		};
		D924FCA525A4D8C80049832B /* Controller */ = {
			isa = PBXGroup;
			children = (
				D93E716725BCAEA700C7E7E3 /* charts */,
				D93E716325BC713F00C7E7E3 /* NewscastWebSite */,
				D93E715525BC3F4200C7E7E3 /* StationViewController */,
				D93E712425BB6F6900C7E7E3 /* ListStation */,
				D93E70CF25B9CFF000C7E7E3 /* SideMenu */,
				D9996D5925B5C49B00D1EE2A /* MapView */,
				D9996D3225B47C0E00D1EE2A /* ViewControllerUtilities */,
			);
			path = Controller;
			sourceTree = "<group>";
		};
		D924FCAC25A5FDEC0049832B /* Supporting Files */ = {
			isa = PBXGroup;
			children = (
				D924FC6A25A4D7E10049832B /* AppDelegate.swift */,
				D924FC6C25A4D7E10049832B /* SceneDelegate.swift */,
				D924FC7625A4D7E10049832B /* Assets.xcassets */,
				D924FC7B25A4D7E10049832B /* Info.plist */,
			);
			path = "Supporting Files";
			sourceTree = "<group>";
		};
		D924FCAD25A5FEB00049832B /* Piezometry */ = {
			isa = PBXGroup;
			children = (
				D924FCCE25A70B490049832B /* PiezometryHubeau.swift */,
			);
			name = Piezometry;
			sourceTree = "<group>";
		};
		D924FCAE25A5FED40049832B /* Hydrometry */ = {
			isa = PBXGroup;
			children = (
				D924FCC925A70B350049832B /* HydrometryHubeau.swift */,
			);
			name = Hydrometry;
			path = ..;
			sourceTree = "<group>";
		};
		D924FCB025A605010049832B /* Hydrobiology */ = {
			isa = PBXGroup;
			children = (
				D924FCBF25A70A710049832B /* Hydrobiology.swift */,
			);
			name = Hydrobiology;
			path = ..;
			sourceTree = "<group>";
		};
		D924FCB125A706270049832B /* HydrobiologyTests */ = {
			isa = PBXGroup;
			children = (
				D924FCC425A70A990049832B /* HydrobiologyStation.json */,
			);
			name = HydrobiologyTests;
			sourceTree = "<group>";
		};
		D924FCB225A706440049832B /* TemperatureTests */ = {
			isa = PBXGroup;
			children = (
				D924FCBA25A708B30049832B /* TemperatureStation.json */,
				D924FD1E25A747420049832B /* TemperatureValue.json */,
			);
			name = TemperatureTests;
			sourceTree = "<group>";
		};
		D924FCB325A706510049832B /* HydrometryTests */ = {
			isa = PBXGroup;
			children = (
				D924FD0B25A727EF0049832B /* HydrometryStation.json */,
			);
			name = HydrometryTests;
			sourceTree = "<group>";
		};
		D924FCB425A706730049832B /* PiezometryTests */ = {
			isa = PBXGroup;
			children = (
				D924FD1025A72A4F0049832B /* PiezometrieStation.json */,
			);
			name = PiezometryTests;
			sourceTree = "<group>";
		};
		D924FCD325A70FD90049832B /* HubeauStruct */ = {
			isa = PBXGroup;
			children = (
				D924FCD425A710400049832B /* CommonStruct */,
				D924FCFF25A71FCF0049832B /* Temperature */,
				D90E89A525A8BC3A00DB48D2 /* WaterQuality */,
				D924FCAD25A5FEB00049832B /* Piezometry */,
				D924FCAE25A5FED40049832B /* Hydrometry */,
				D924FCB025A605010049832B /* Hydrobiology */,
			);
			path = HubeauStruct;
			sourceTree = "<group>";
		};
		D924FCD425A710400049832B /* CommonStruct */ = {
			isa = PBXGroup;
			children = (
				D9996D5425B5C0D000D1EE2A /* ServiceHubeau.swift */,
				D924FCE225A71AA10049832B /* CRSHubeau.swift */,
				D924FCDD25A71A320049832B /* GeometryHubeau.swift */,
				D924FCEC25A71B420049832B /* PropertiesHubeau.swift */,
				D924FCF525A71C610049832B /* ApiHubeauHeader.swift */,
			);
			name = CommonStruct;
			sourceTree = "<group>";
		};
		D924FCFF25A71FCF0049832B /* Temperature */ = {
			isa = PBXGroup;
			children = (
				D924FD0025A7200F0049832B /* TemperatureHubeau.swift */,
				D924FD2325A7478C0049832B /* TemperatureValue.swift */,
				D93E719B25BF147000C7E7E3 /* Hubeau.swift */,
			);
			name = Temperature;
			sourceTree = "<group>";
		};
		D93E70CF25B9CFF000C7E7E3 /* SideMenu */ = {
			isa = PBXGroup;
			children = (
				D93E70D025B9D04E00C7E7E3 /* SideMenuNavigationController.swift */,
				D93E70E325B9E74E00C7E7E3 /* SideMenuNavigationController+ENSideMenuDelegate.swift */,
				D93E70EB25B9E96C00C7E7E3 /* SideMenuTableViewController.swift */,
			);
			name = SideMenu;
			sourceTree = "<group>";
		};
		D93E712425BB6F6900C7E7E3 /* ListStation */ = {
			isa = PBXGroup;
			children = (
				D93E712525BB704A00C7E7E3 /* ListStationViewController.swift */,
				D93E712D25BB708400C7E7E3 /* ListStationVC+UITableViewDataSource.swift */,
				D93E713225BB70AE00C7E7E3 /* ListStationVC+PassDataToVC Protocol.swift */,
				D93E714A25BC3E6200C7E7E3 /* ListStationVC+UITableViewDelegate.swift */,
				D93E713C25BB718000C7E7E3 /* ListStationTableViewCell.swift */,
			);
			name = ListStation;
			sourceTree = "<group>";
		};
		D93E715525BC3F4200C7E7E3 /* StationViewController */ = {
			isa = PBXGroup;
			children = (
				D93E715625BC3F7600C7E7E3 /* StationViewController.swift */,
			);
			name = StationViewController;
			sourceTree = "<group>";
		};
		D93E716325BC713F00C7E7E3 /* NewscastWebSite */ = {
			isa = PBXGroup;
			children = (
				D93E715E25BC712F00C7E7E3 /* NewsCastViewController.swift */,
			);
			name = NewscastWebSite;
			sourceTree = "<group>";
		};
		D93E716725BCAEA700C7E7E3 /* charts */ = {
			isa = PBXGroup;
			children = (
				D93E716825BCAEEE00C7E7E3 /* BarChartViewController.swift */,
			);
			name = charts;
			sourceTree = "<group>";
		};
		D9996D3225B47C0E00D1EE2A /* ViewControllerUtilities */ = {
			isa = PBXGroup;
			children = (
				D93E717C25BCD88400C7E7E3 /* CustomButton.swift */,
				D93E713725BB70EE00C7E7E3 /* PassDataToVC.swift */,
				D9996D3325B47C4C00D1EE2A /* VCUtilities.swift */,
				D9996D4F25B5A8AE00D1EE2A /* UIImageView Extension.swift */,
			);
			name = ViewControllerUtilities;
			sourceTree = "<group>";
		};
		D9996D5925B5C49B00D1EE2A /* MapView */ = {
			isa = PBXGroup;
			children = (
				D9996D8025B6CFCD00D1EE2A /* CustomCallView */,
				D924FC6E25A4D7E10049832B /* MapViewController.swift */,
				D9996D5A25B5C4DC00D1EE2A /* MapViewController+MKMapViewDelegate.swift */,
				D9996D2D25B47B7400D1EE2A /* MapViewControllerLocation+CLLocationManagerDelegate.swift */,
				D9996D6B25B628A900D1EE2A /* StationAnnotationView.swift */,
				D93E710225B9F6DA00C7E7E3 /* MapViewController+ENSideMenuDelegate.swift */,
			);
			name = MapView;
			sourceTree = "<group>";
		};
		D9996D8025B6CFCD00D1EE2A /* CustomCallView */ = {
			isa = PBXGroup;
			children = (
				D9996D7525B62EC900D1EE2A /* CustomCallOutView.swift */,
				D93E718D25BD927500C7E7E3 /* CustomCallView.swift */,
			);
			name = CustomCallView;
			sourceTree = "<group>";
		};
/* End PBXGroup section */

/* Begin PBXNativeTarget section */
		D924FC6625A4D7E00049832B /* EauDeFrance */ = {
			isa = PBXNativeTarget;
			buildConfigurationList = D924FC9425A4D7E20049832B /* Build configuration list for PBXNativeTarget "EauDeFrance" */;
			buildPhases = (
				454CED4A357FDF068196C309 /* [CP] Check Pods Manifest.lock */,
				D924FC6325A4D7E00049832B /* Sources */,
				D924FC6425A4D7E00049832B /* Frameworks */,
				D924FC6525A4D7E00049832B /* Resources */,
				C377D86885C6F39A5FA45850 /* [CP] Embed Pods Frameworks */,
			);
			buildRules = (
			);
			dependencies = (
			);
			name = EauDeFrance;
			productName = EauDeFrance;
			productReference = D924FC6725A4D7E10049832B /* EauDeFrance.app */;
			productType = "com.apple.product-type.application";
		};
		D924FC7F25A4D7E20049832B /* EauDeFranceTests */ = {
			isa = PBXNativeTarget;
			buildConfigurationList = D924FC9725A4D7E20049832B /* Build configuration list for PBXNativeTarget "EauDeFranceTests" */;
			buildPhases = (
				0D611219624A1673EB85C98E /* [CP] Check Pods Manifest.lock */,
				D924FC7C25A4D7E20049832B /* Sources */,
				D924FC7D25A4D7E20049832B /* Frameworks */,
				D924FC7E25A4D7E20049832B /* Resources */,
			);
			buildRules = (
			);
			dependencies = (
				D924FC8225A4D7E20049832B /* PBXTargetDependency */,
			);
			name = EauDeFranceTests;
			productName = EauDeFranceTests;
			productReference = D924FC8025A4D7E20049832B /* EauDeFranceTests.xctest */;
			productType = "com.apple.product-type.bundle.unit-test";
		};
		D924FC8A25A4D7E20049832B /* EauDeFranceUITests */ = {
			isa = PBXNativeTarget;
			buildConfigurationList = D924FC9A25A4D7E20049832B /* Build configuration list for PBXNativeTarget "EauDeFranceUITests" */;
			buildPhases = (
				7ED4F153550946E822231190 /* [CP] Check Pods Manifest.lock */,
				D924FC8725A4D7E20049832B /* Sources */,
				D924FC8825A4D7E20049832B /* Frameworks */,
				D924FC8925A4D7E20049832B /* Resources */,
				E739280FFF3FBDC60B231469 /* [CP] Embed Pods Frameworks */,
			);
			buildRules = (
			);
			dependencies = (
				D924FC8D25A4D7E20049832B /* PBXTargetDependency */,
			);
			name = EauDeFranceUITests;
			productName = EauDeFranceUITests;
			productReference = D924FC8B25A4D7E20049832B /* EauDeFranceUITests.xctest */;
			productType = "com.apple.product-type.bundle.ui-testing";
		};
/* End PBXNativeTarget section */

/* Begin PBXProject section */
		D924FC5F25A4D7E00049832B /* Project object */ = {
			isa = PBXProject;
			attributes = {
				KnownAssetTags = (
					10,
					20,
				);
				LastSwiftUpdateCheck = 1230;
				LastUpgradeCheck = 1230;
				TargetAttributes = {
					D924FC6625A4D7E00049832B = {
						CreatedOnToolsVersion = 12.3;
					};
					D924FC7F25A4D7E20049832B = {
						CreatedOnToolsVersion = 12.3;
						TestTargetID = D924FC6625A4D7E00049832B;
					};
					D924FC8A25A4D7E20049832B = {
						CreatedOnToolsVersion = 12.3;
						TestTargetID = D924FC6625A4D7E00049832B;
					};
				};
			};
			buildConfigurationList = D924FC6225A4D7E00049832B /* Build configuration list for PBXProject "EauDeFrance" */;
			compatibilityVersion = "Xcode 9.3";
			developmentRegion = en;
			hasScannedForEncodings = 0;
			knownRegions = (
				en,
				Base,
			);
			mainGroup = D924FC5E25A4D7E00049832B;
			productRefGroup = D924FC6825A4D7E10049832B /* Products */;
			projectDirPath = "";
			projectRoot = "";
			targets = (
				D924FC6625A4D7E00049832B /* EauDeFrance */,
				D924FC7F25A4D7E20049832B /* EauDeFranceTests */,
				D924FC8A25A4D7E20049832B /* EauDeFranceUITests */,
			);
		};
/* End PBXProject section */

/* Begin PBXResourcesBuildPhase section */
		D924FC6525A4D7E00049832B /* Resources */ = {
			isa = PBXResourcesBuildPhase;
			buildActionMask = 2147483647;
			files = (
				D9996D7125B62DD800D1EE2A /* CustomCallOutView.xib in Resources */,
				D924FC7A25A4D7E10049832B /* LaunchScreen.storyboard in Resources */,
				D924FC7725A4D7E10049832B /* Assets.xcassets in Resources */,
				D924FC7225A4D7E10049832B /* Main.storyboard in Resources */,
			);
			runOnlyForDeploymentPostprocessing = 0;
		};
		D924FC7E25A4D7E20049832B /* Resources */ = {
			isa = PBXResourcesBuildPhase;
			buildActionMask = 2147483647;
			files = (
				D90E89AD25A8BCB900DB48D2 /* WaterQualityValue.json in Resources */,
				D924FCBB25A708B30049832B /* TemperatureStation.json in Resources */,
				D924FCC525A70A990049832B /* HydrobiologyStation.json in Resources */,
				D924FD1125A72A4F0049832B /* PiezometrieStation.json in Resources */,
				D924FD0C25A727EF0049832B /* HydrometryStation.json in Resources */,
				D924FD1F25A747420049832B /* TemperatureValue.json in Resources */,
				D90E89B525A8BEAD00DB48D2 /* WaterQualityStation.json in Resources */,
			);
			runOnlyForDeploymentPostprocessing = 0;
		};
		D924FC8925A4D7E20049832B /* Resources */ = {
			isa = PBXResourcesBuildPhase;
			buildActionMask = 2147483647;
			files = (
			);
			runOnlyForDeploymentPostprocessing = 0;
		};
/* End PBXResourcesBuildPhase section */

/* Begin PBXShellScriptBuildPhase section */
		0D611219624A1673EB85C98E /* [CP] Check Pods Manifest.lock */ = {
			isa = PBXShellScriptBuildPhase;
			buildActionMask = 2147483647;
			files = (
			);
			inputFileListPaths = (
			);
			inputPaths = (
				"${PODS_PODFILE_DIR_PATH}/Podfile.lock",
				"${PODS_ROOT}/Manifest.lock",
			);
			name = "[CP] Check Pods Manifest.lock";
			outputFileListPaths = (
			);
			outputPaths = (
				"$(DERIVED_FILE_DIR)/Pods-EauDeFranceTests-checkManifestLockResult.txt",
			);
			runOnlyForDeploymentPostprocessing = 0;
			shellPath = /bin/sh;
			shellScript = "diff \"${PODS_PODFILE_DIR_PATH}/Podfile.lock\" \"${PODS_ROOT}/Manifest.lock\" > /dev/null\nif [ $? != 0 ] ; then\n    # print error to STDERR\n    echo \"error: The sandbox is not in sync with the Podfile.lock. Run 'pod install' or update your CocoaPods installation.\" >&2\n    exit 1\nfi\n# This output is used by Xcode 'outputs' to avoid re-running this script phase.\necho \"SUCCESS\" > \"${SCRIPT_OUTPUT_FILE_0}\"\n";
			showEnvVarsInLog = 0;
		};
		454CED4A357FDF068196C309 /* [CP] Check Pods Manifest.lock */ = {
			isa = PBXShellScriptBuildPhase;
			buildActionMask = 2147483647;
			files = (
			);
			inputFileListPaths = (
			);
			inputPaths = (
				"${PODS_PODFILE_DIR_PATH}/Podfile.lock",
				"${PODS_ROOT}/Manifest.lock",
			);
			name = "[CP] Check Pods Manifest.lock";
			outputFileListPaths = (
			);
			outputPaths = (
				"$(DERIVED_FILE_DIR)/Pods-EauDeFrance-checkManifestLockResult.txt",
			);
			runOnlyForDeploymentPostprocessing = 0;
			shellPath = /bin/sh;
			shellScript = "diff \"${PODS_PODFILE_DIR_PATH}/Podfile.lock\" \"${PODS_ROOT}/Manifest.lock\" > /dev/null\nif [ $? != 0 ] ; then\n    # print error to STDERR\n    echo \"error: The sandbox is not in sync with the Podfile.lock. Run 'pod install' or update your CocoaPods installation.\" >&2\n    exit 1\nfi\n# This output is used by Xcode 'outputs' to avoid re-running this script phase.\necho \"SUCCESS\" > \"${SCRIPT_OUTPUT_FILE_0}\"\n";
			showEnvVarsInLog = 0;
		};
		7ED4F153550946E822231190 /* [CP] Check Pods Manifest.lock */ = {
			isa = PBXShellScriptBuildPhase;
			buildActionMask = 2147483647;
			files = (
			);
			inputFileListPaths = (
			);
			inputPaths = (
				"${PODS_PODFILE_DIR_PATH}/Podfile.lock",
				"${PODS_ROOT}/Manifest.lock",
			);
			name = "[CP] Check Pods Manifest.lock";
			outputFileListPaths = (
			);
			outputPaths = (
				"$(DERIVED_FILE_DIR)/Pods-EauDeFrance-EauDeFranceUITests-checkManifestLockResult.txt",
			);
			runOnlyForDeploymentPostprocessing = 0;
			shellPath = /bin/sh;
			shellScript = "diff \"${PODS_PODFILE_DIR_PATH}/Podfile.lock\" \"${PODS_ROOT}/Manifest.lock\" > /dev/null\nif [ $? != 0 ] ; then\n    # print error to STDERR\n    echo \"error: The sandbox is not in sync with the Podfile.lock. Run 'pod install' or update your CocoaPods installation.\" >&2\n    exit 1\nfi\n# This output is used by Xcode 'outputs' to avoid re-running this script phase.\necho \"SUCCESS\" > \"${SCRIPT_OUTPUT_FILE_0}\"\n";
			showEnvVarsInLog = 0;
		};
		C377D86885C6F39A5FA45850 /* [CP] Embed Pods Frameworks */ = {
			isa = PBXShellScriptBuildPhase;
			buildActionMask = 2147483647;
			files = (
			);
			inputFileListPaths = (
				"${PODS_ROOT}/Target Support Files/Pods-EauDeFrance/Pods-EauDeFrance-frameworks-${CONFIGURATION}-input-files.xcfilelist",
			);
			name = "[CP] Embed Pods Frameworks";
			outputFileListPaths = (
				"${PODS_ROOT}/Target Support Files/Pods-EauDeFrance/Pods-EauDeFrance-frameworks-${CONFIGURATION}-output-files.xcfilelist",
			);
			runOnlyForDeploymentPostprocessing = 0;
			shellPath = /bin/sh;
			shellScript = "\"${PODS_ROOT}/Target Support Files/Pods-EauDeFrance/Pods-EauDeFrance-frameworks.sh\"\n";
			showEnvVarsInLog = 0;
		};
		E739280FFF3FBDC60B231469 /* [CP] Embed Pods Frameworks */ = {
			isa = PBXShellScriptBuildPhase;
			buildActionMask = 2147483647;
			files = (
			);
			inputFileListPaths = (
				"${PODS_ROOT}/Target Support Files/Pods-EauDeFrance-EauDeFranceUITests/Pods-EauDeFrance-EauDeFranceUITests-frameworks-${CONFIGURATION}-input-files.xcfilelist",
			);
			name = "[CP] Embed Pods Frameworks";
			outputFileListPaths = (
				"${PODS_ROOT}/Target Support Files/Pods-EauDeFrance-EauDeFranceUITests/Pods-EauDeFrance-EauDeFranceUITests-frameworks-${CONFIGURATION}-output-files.xcfilelist",
			);
			runOnlyForDeploymentPostprocessing = 0;
			shellPath = /bin/sh;
			shellScript = "\"${PODS_ROOT}/Target Support Files/Pods-EauDeFrance-EauDeFranceUITests/Pods-EauDeFrance-EauDeFranceUITests-frameworks.sh\"\n";
			showEnvVarsInLog = 0;
		};
/* End PBXShellScriptBuildPhase section */

/* Begin PBXSourcesBuildPhase section */
		D924FC6325A4D7E00049832B /* Sources */ = {
			isa = PBXSourcesBuildPhase;
			buildActionMask = 2147483647;
			files = (
				D9996D3F25B4807E00D1EE2A /* StationODF+MKAnnotation.swift in Sources */,
				D93E70E425B9E74E00C7E7E3 /* SideMenuNavigationController+ENSideMenuDelegate.swift in Sources */,
				D910747525B19E590099B34B /* NetworkProtocol.swift in Sources */,
				D93E713325BB70AE00C7E7E3 /* ListStationVC+PassDataToVC Protocol.swift in Sources */,
				D93E718E25BD927500C7E7E3 /* CustomCallView.swift in Sources */,
				D93E713D25BB718000C7E7E3 /* ListStationTableViewCell.swift in Sources */,
				D924FC6F25A4D7E10049832B /* MapViewController.swift in Sources */,
				D924FC6B25A4D7E10049832B /* AppDelegate.swift in Sources */,
				D910747A25B19EAA0099B34B /* NetworkService.swift in Sources */,
				D924FCE325A71AA10049832B /* CRSHubeau.swift in Sources */,
				D9996D5025B5A8AE00D1EE2A /* UIImageView Extension.swift in Sources */,
				D93E71BA25C071E900C7E7E3 /* FigureService.swift in Sources */,
				D9996D3425B47C4C00D1EE2A /* VCUtilities.swift in Sources */,
				D93E715F25BC712F00C7E7E3 /* NewsCastViewController.swift in Sources */,
				D93E70EC25B9E96C00C7E7E3 /* SideMenuTableViewController.swift in Sources */,
				D93E70D125B9D04E00C7E7E3 /* SideMenuNavigationController.swift in Sources */,
				D924FC6D25A4D7E10049832B /* SceneDelegate.swift in Sources */,
				D93E716925BCAEEE00C7E7E3 /* BarChartViewController.swift in Sources */,
				D93E712625BB704A00C7E7E3 /* ListStationViewController.swift in Sources */,
				D924FCF625A71C610049832B /* ApiHubeauHeader.swift in Sources */,
				D910743525AF56850099B34B /* Utilities.swift in Sources */,
				D924FCCF25A70B490049832B /* PiezometryHubeau.swift in Sources */,
				D9996D5B25B5C4DC00D1EE2A /* MapViewController+MKMapViewDelegate.swift in Sources */,
				D910744225B0D7CD0099B34B /* TemperatureService.swift in Sources */,
				D924FCED25A71B420049832B /* PropertiesHubeau.swift in Sources */,
				D93E719C25BF147000C7E7E3 /* Hubeau.swift in Sources */,
				D9996D7625B62EC900D1EE2A /* CustomCallOutView.swift in Sources */,
				D910743A25AF588A0099B34B /* TemperatureODF.swift in Sources */,
				D910744725B0D9A70099B34B /* StationODF.swift in Sources */,
				D93E714B25BC3E6200C7E7E3 /* ListStationVC+UITableViewDelegate.swift in Sources */,
				D93E713825BB70EE00C7E7E3 /* PassDataToVC.swift in Sources */,
				D924FCCA25A70B350049832B /* HydrometryHubeau.swift in Sources */,
				D9996D6C25B628A900D1EE2A /* StationAnnotationView.swift in Sources */,
				D924FCC025A70A710049832B /* Hydrobiology.swift in Sources */,
				D93E712E25BB708400C7E7E3 /* ListStationVC+UITableViewDataSource.swift in Sources */,
				D924FCDE25A71A320049832B /* GeometryHubeau.swift in Sources */,
				D93E715725BC3F7600C7E7E3 /* StationViewController.swift in Sources */,
				D93E710325B9F6DA00C7E7E3 /* MapViewController+ENSideMenuDelegate.swift in Sources */,
				D9996D5525B5C0D000D1EE2A /* ServiceHubeau.swift in Sources */,
				D924FD2425A7478C0049832B /* TemperatureValue.swift in Sources */,
				D924FC7525A4D7E10049832B /* EauDeFrance.xcdatamodeld in Sources */,
				D9996D2E25B47B7400D1EE2A /* MapViewControllerLocation+CLLocationManagerDelegate.swift in Sources */,
				D93E717D25BCD88400C7E7E3 /* CustomButton.swift in Sources */,
				D924FD0125A7200F0049832B /* TemperatureHubeau.swift in Sources */,
				D910746825B0DE7F0099B34B /* StationService.swift in Sources */,
				D90E89A725A8BC5F00DB48D2 /* WaterQuality.swift in Sources */,
			);
			runOnlyForDeploymentPostprocessing = 0;
		};
		D924FC7C25A4D7E20049832B /* Sources */ = {
			isa = PBXSourcesBuildPhase;
			buildActionMask = 2147483647;
			files = (
				D924FC8525A4D7E20049832B /* EauDeFranceTests.swift in Sources */,
			);
			runOnlyForDeploymentPostprocessing = 0;
		};
		D924FC8725A4D7E20049832B /* Sources */ = {
			isa = PBXSourcesBuildPhase;
			buildActionMask = 2147483647;
			files = (
				D924FC9025A4D7E20049832B /* EauDeFranceUITests.swift in Sources */,
			);
			runOnlyForDeploymentPostprocessing = 0;
		};
/* End PBXSourcesBuildPhase section */

/* Begin PBXTargetDependency section */
		D924FC8225A4D7E20049832B /* PBXTargetDependency */ = {
			isa = PBXTargetDependency;
			target = D924FC6625A4D7E00049832B /* EauDeFrance */;
			targetProxy = D924FC8125A4D7E20049832B /* PBXContainerItemProxy */;
		};
		D924FC8D25A4D7E20049832B /* PBXTargetDependency */ = {
			isa = PBXTargetDependency;
			target = D924FC6625A4D7E00049832B /* EauDeFrance */;
			targetProxy = D924FC8C25A4D7E20049832B /* PBXContainerItemProxy */;
		};
/* End PBXTargetDependency section */

/* Begin PBXVariantGroup section */
		D924FC7025A4D7E10049832B /* Main.storyboard */ = {
			isa = PBXVariantGroup;
			children = (
				D924FC7125A4D7E10049832B /* Base */,
			);
			name = Main.storyboard;
			sourceTree = "<group>";
		};
		D924FC7825A4D7E10049832B /* LaunchScreen.storyboard */ = {
			isa = PBXVariantGroup;
			children = (
				D924FC7925A4D7E10049832B /* Base */,
			);
			name = LaunchScreen.storyboard;
			sourceTree = "<group>";
		};
/* End PBXVariantGroup section */

/* Begin XCBuildConfiguration section */
		D924FC9225A4D7E20049832B /* Debug */ = {
			isa = XCBuildConfiguration;
			buildSettings = {
				ALWAYS_SEARCH_USER_PATHS = NO;
				CLANG_ANALYZER_NONNULL = YES;
				CLANG_ANALYZER_NUMBER_OBJECT_CONVERSION = YES_AGGRESSIVE;
				CLANG_CXX_LANGUAGE_STANDARD = "gnu++14";
				CLANG_CXX_LIBRARY = "libc++";
				CLANG_ENABLE_MODULES = YES;
				CLANG_ENABLE_OBJC_ARC = YES;
				CLANG_ENABLE_OBJC_WEAK = YES;
				CLANG_WARN_BLOCK_CAPTURE_AUTORELEASING = YES;
				CLANG_WARN_BOOL_CONVERSION = YES;
				CLANG_WARN_COMMA = YES;
				CLANG_WARN_CONSTANT_CONVERSION = YES;
				CLANG_WARN_DEPRECATED_OBJC_IMPLEMENTATIONS = YES;
				CLANG_WARN_DIRECT_OBJC_ISA_USAGE = YES_ERROR;
				CLANG_WARN_DOCUMENTATION_COMMENTS = YES;
				CLANG_WARN_EMPTY_BODY = YES;
				CLANG_WARN_ENUM_CONVERSION = YES;
				CLANG_WARN_INFINITE_RECURSION = YES;
				CLANG_WARN_INT_CONVERSION = YES;
				CLANG_WARN_NON_LITERAL_NULL_CONVERSION = YES;
				CLANG_WARN_OBJC_IMPLICIT_RETAIN_SELF = YES;
				CLANG_WARN_OBJC_LITERAL_CONVERSION = YES;
				CLANG_WARN_OBJC_ROOT_CLASS = YES_ERROR;
				CLANG_WARN_QUOTED_INCLUDE_IN_FRAMEWORK_HEADER = YES;
				CLANG_WARN_RANGE_LOOP_ANALYSIS = YES;
				CLANG_WARN_STRICT_PROTOTYPES = YES;
				CLANG_WARN_SUSPICIOUS_MOVE = YES;
				CLANG_WARN_UNGUARDED_AVAILABILITY = YES_AGGRESSIVE;
				CLANG_WARN_UNREACHABLE_CODE = YES;
				CLANG_WARN__DUPLICATE_METHOD_MATCH = YES;
				COPY_PHASE_STRIP = NO;
				DEBUG_INFORMATION_FORMAT = dwarf;
				ENABLE_STRICT_OBJC_MSGSEND = YES;
				ENABLE_TESTABILITY = YES;
				GCC_C_LANGUAGE_STANDARD = gnu11;
				GCC_DYNAMIC_NO_PIC = NO;
				GCC_NO_COMMON_BLOCKS = YES;
				GCC_OPTIMIZATION_LEVEL = 0;
				GCC_PREPROCESSOR_DEFINITIONS = (
					"DEBUG=1",
					"$(inherited)",
				);
				GCC_WARN_64_TO_32_BIT_CONVERSION = YES;
				GCC_WARN_ABOUT_RETURN_TYPE = YES_ERROR;
				GCC_WARN_UNDECLARED_SELECTOR = YES;
				GCC_WARN_UNINITIALIZED_AUTOS = YES_AGGRESSIVE;
				GCC_WARN_UNUSED_FUNCTION = YES;
				GCC_WARN_UNUSED_VARIABLE = YES;
				IPHONEOS_DEPLOYMENT_TARGET = 12.0;
				MTL_ENABLE_DEBUG_INFO = INCLUDE_SOURCE;
				MTL_FAST_MATH = YES;
				ONLY_ACTIVE_ARCH = YES;
				SDKROOT = iphoneos;
				SWIFT_ACTIVE_COMPILATION_CONDITIONS = DEBUG;
				SWIFT_OPTIMIZATION_LEVEL = "-Onone";
			};
			name = Debug;
		};
		D924FC9325A4D7E20049832B /* Release */ = {
			isa = XCBuildConfiguration;
			buildSettings = {
				ALWAYS_SEARCH_USER_PATHS = NO;
				CLANG_ANALYZER_NONNULL = YES;
				CLANG_ANALYZER_NUMBER_OBJECT_CONVERSION = YES_AGGRESSIVE;
				CLANG_CXX_LANGUAGE_STANDARD = "gnu++14";
				CLANG_CXX_LIBRARY = "libc++";
				CLANG_ENABLE_MODULES = YES;
				CLANG_ENABLE_OBJC_ARC = YES;
				CLANG_ENABLE_OBJC_WEAK = YES;
				CLANG_WARN_BLOCK_CAPTURE_AUTORELEASING = YES;
				CLANG_WARN_BOOL_CONVERSION = YES;
				CLANG_WARN_COMMA = YES;
				CLANG_WARN_CONSTANT_CONVERSION = YES;
				CLANG_WARN_DEPRECATED_OBJC_IMPLEMENTATIONS = YES;
				CLANG_WARN_DIRECT_OBJC_ISA_USAGE = YES_ERROR;
				CLANG_WARN_DOCUMENTATION_COMMENTS = YES;
				CLANG_WARN_EMPTY_BODY = YES;
				CLANG_WARN_ENUM_CONVERSION = YES;
				CLANG_WARN_INFINITE_RECURSION = YES;
				CLANG_WARN_INT_CONVERSION = YES;
				CLANG_WARN_NON_LITERAL_NULL_CONVERSION = YES;
				CLANG_WARN_OBJC_IMPLICIT_RETAIN_SELF = YES;
				CLANG_WARN_OBJC_LITERAL_CONVERSION = YES;
				CLANG_WARN_OBJC_ROOT_CLASS = YES_ERROR;
				CLANG_WARN_QUOTED_INCLUDE_IN_FRAMEWORK_HEADER = YES;
				CLANG_WARN_RANGE_LOOP_ANALYSIS = YES;
				CLANG_WARN_STRICT_PROTOTYPES = YES;
				CLANG_WARN_SUSPICIOUS_MOVE = YES;
				CLANG_WARN_UNGUARDED_AVAILABILITY = YES_AGGRESSIVE;
				CLANG_WARN_UNREACHABLE_CODE = YES;
				CLANG_WARN__DUPLICATE_METHOD_MATCH = YES;
				COPY_PHASE_STRIP = NO;
				DEBUG_INFORMATION_FORMAT = "dwarf-with-dsym";
				ENABLE_NS_ASSERTIONS = NO;
				ENABLE_STRICT_OBJC_MSGSEND = YES;
				GCC_C_LANGUAGE_STANDARD = gnu11;
				GCC_NO_COMMON_BLOCKS = YES;
				GCC_WARN_64_TO_32_BIT_CONVERSION = YES;
				GCC_WARN_ABOUT_RETURN_TYPE = YES_ERROR;
				GCC_WARN_UNDECLARED_SELECTOR = YES;
				GCC_WARN_UNINITIALIZED_AUTOS = YES_AGGRESSIVE;
				GCC_WARN_UNUSED_FUNCTION = YES;
				GCC_WARN_UNUSED_VARIABLE = YES;
				IPHONEOS_DEPLOYMENT_TARGET = 12.0;
				MTL_ENABLE_DEBUG_INFO = NO;
				MTL_FAST_MATH = YES;
				SDKROOT = iphoneos;
				SWIFT_COMPILATION_MODE = wholemodule;
				SWIFT_OPTIMIZATION_LEVEL = "-O";
				VALIDATE_PRODUCT = YES;
			};
			name = Release;
		};
		D924FC9525A4D7E20049832B /* Debug */ = {
			isa = XCBuildConfiguration;
			baseConfigurationReference = A1DA3220B9873C97A8218E71 /* Pods-EauDeFrance.debug.xcconfig */;
			buildSettings = {
				ASSETCATALOG_COMPILER_APPICON_NAME = AppIcon;
				ASSETCATALOG_COMPILER_GLOBAL_ACCENT_COLOR_NAME = AccentColor;
				CODE_SIGN_STYLE = Automatic;
				DEVELOPMENT_TEAM = 24V626T3JX;
				INFOPLIST_FILE = "$(SRCROOT)/EauDeFrance/Supporting Files/Info.plist";
				LD_RUNPATH_SEARCH_PATHS = (
					"$(inherited)",
					"@executable_path/Frameworks",
				);
				PRODUCT_BUNDLE_IDENTIFIER = FR.DIGIT74.EauDeFrance;
				PRODUCT_NAME = "$(TARGET_NAME)";
				SWIFT_VERSION = 5.0;
				TARGETED_DEVICE_FAMILY = "1,2";
			};
			name = Debug;
		};
		D924FC9625A4D7E20049832B /* Release */ = {
			isa = XCBuildConfiguration;
			baseConfigurationReference = C222FA80F3FC09D89ED2924F /* Pods-EauDeFrance.release.xcconfig */;
			buildSettings = {
				ASSETCATALOG_COMPILER_APPICON_NAME = AppIcon;
				ASSETCATALOG_COMPILER_GLOBAL_ACCENT_COLOR_NAME = AccentColor;
				CODE_SIGN_STYLE = Automatic;
				DEVELOPMENT_TEAM = 24V626T3JX;
				INFOPLIST_FILE = "$(SRCROOT)/EauDeFrance/Supporting Files/Info.plist";
				LD_RUNPATH_SEARCH_PATHS = (
					"$(inherited)",
					"@executable_path/Frameworks",
				);
				PRODUCT_BUNDLE_IDENTIFIER = FR.DIGIT74.EauDeFrance;
				PRODUCT_NAME = "$(TARGET_NAME)";
				SWIFT_VERSION = 5.0;
				TARGETED_DEVICE_FAMILY = "1,2";
			};
			name = Release;
		};
		D924FC9825A4D7E20049832B /* Debug */ = {
			isa = XCBuildConfiguration;
			baseConfigurationReference = AB5C9C8CA348FA34F5A9EF5C /* Pods-EauDeFranceTests.debug.xcconfig */;
			buildSettings = {
				ALWAYS_EMBED_SWIFT_STANDARD_LIBRARIES = YES;
				BUNDLE_LOADER = "$(TEST_HOST)";
				CODE_SIGN_STYLE = Automatic;
				DEVELOPMENT_TEAM = 24V626T3JX;
				INFOPLIST_FILE = EauDeFranceTests/Info.plist;
				IPHONEOS_DEPLOYMENT_TARGET = 14.3;
				LD_RUNPATH_SEARCH_PATHS = (
					"$(inherited)",
					"@executable_path/Frameworks",
					"@loader_path/Frameworks",
				);
				PRODUCT_BUNDLE_IDENTIFIER = FR.DIGIT74.EauDeFranceTests;
				PRODUCT_NAME = "$(TARGET_NAME)";
				SWIFT_VERSION = 5.0;
				TARGETED_DEVICE_FAMILY = "1,2";
				TEST_HOST = "$(BUILT_PRODUCTS_DIR)/EauDeFrance.app/EauDeFrance";
			};
			name = Debug;
		};
		D924FC9925A4D7E20049832B /* Release */ = {
			isa = XCBuildConfiguration;
			baseConfigurationReference = 3DAF752EE5D8D5558996ACB1 /* Pods-EauDeFranceTests.release.xcconfig */;
			buildSettings = {
				ALWAYS_EMBED_SWIFT_STANDARD_LIBRARIES = YES;
				BUNDLE_LOADER = "$(TEST_HOST)";
				CODE_SIGN_STYLE = Automatic;
				DEVELOPMENT_TEAM = 24V626T3JX;
				INFOPLIST_FILE = EauDeFranceTests/Info.plist;
				IPHONEOS_DEPLOYMENT_TARGET = 14.3;
				LD_RUNPATH_SEARCH_PATHS = (
					"$(inherited)",
					"@executable_path/Frameworks",
					"@loader_path/Frameworks",
				);
				PRODUCT_BUNDLE_IDENTIFIER = FR.DIGIT74.EauDeFranceTests;
				PRODUCT_NAME = "$(TARGET_NAME)";
				SWIFT_VERSION = 5.0;
				TARGETED_DEVICE_FAMILY = "1,2";
				TEST_HOST = "$(BUILT_PRODUCTS_DIR)/EauDeFrance.app/EauDeFrance";
			};
			name = Release;
		};
		D924FC9B25A4D7E20049832B /* Debug */ = {
			isa = XCBuildConfiguration;
			baseConfigurationReference = F6DD2B0D5F40BD659D1A8CEA /* Pods-EauDeFrance-EauDeFranceUITests.debug.xcconfig */;
			buildSettings = {
				ALWAYS_EMBED_SWIFT_STANDARD_LIBRARIES = "$(inherited)";
				CODE_SIGN_STYLE = Automatic;
				DEVELOPMENT_TEAM = 24V626T3JX;
				INFOPLIST_FILE = EauDeFranceUITests/Info.plist;
				LD_RUNPATH_SEARCH_PATHS = (
					"$(inherited)",
					"@executable_path/Frameworks",
					"@loader_path/Frameworks",
				);
				PRODUCT_BUNDLE_IDENTIFIER = FR.DIGIT74.EauDeFranceUITests;
				PRODUCT_NAME = "$(TARGET_NAME)";
				PROVISIONING_PROFILE = "";
				SWIFT_VERSION = 5.0;
				TARGETED_DEVICE_FAMILY = "1,2";
				TEST_TARGET_NAME = EauDeFrance;
			};
			name = Debug;
		};
		D924FC9C25A4D7E20049832B /* Release */ = {
			isa = XCBuildConfiguration;
			baseConfigurationReference = 75F4B7ED2E84CFA8DBC030F5 /* Pods-EauDeFrance-EauDeFranceUITests.release.xcconfig */;
			buildSettings = {
				ALWAYS_EMBED_SWIFT_STANDARD_LIBRARIES = "$(inherited)";
				CODE_SIGN_STYLE = Automatic;
				DEVELOPMENT_TEAM = 24V626T3JX;
				INFOPLIST_FILE = EauDeFranceUITests/Info.plist;
				LD_RUNPATH_SEARCH_PATHS = (
					"$(inherited)",
					"@executable_path/Frameworks",
					"@loader_path/Frameworks",
				);
				PRODUCT_BUNDLE_IDENTIFIER = FR.DIGIT74.EauDeFranceUITests;
				PRODUCT_NAME = "$(TARGET_NAME)";
				PROVISIONING_PROFILE = "";
				SWIFT_VERSION = 5.0;
				TARGETED_DEVICE_FAMILY = "1,2";
				TEST_TARGET_NAME = EauDeFrance;
			};
			name = Release;
		};
/* End XCBuildConfiguration section */

/* Begin XCConfigurationList section */
		D924FC6225A4D7E00049832B /* Build configuration list for PBXProject "EauDeFrance" */ = {
			isa = XCConfigurationList;
			buildConfigurations = (
				D924FC9225A4D7E20049832B /* Debug */,
				D924FC9325A4D7E20049832B /* Release */,
			);
			defaultConfigurationIsVisible = 0;
			defaultConfigurationName = Release;
		};
		D924FC9425A4D7E20049832B /* Build configuration list for PBXNativeTarget "EauDeFrance" */ = {
			isa = XCConfigurationList;
			buildConfigurations = (
				D924FC9525A4D7E20049832B /* Debug */,
				D924FC9625A4D7E20049832B /* Release */,
			);
			defaultConfigurationIsVisible = 0;
			defaultConfigurationName = Release;
		};
		D924FC9725A4D7E20049832B /* Build configuration list for PBXNativeTarget "EauDeFranceTests" */ = {
			isa = XCConfigurationList;
			buildConfigurations = (
				D924FC9825A4D7E20049832B /* Debug */,
				D924FC9925A4D7E20049832B /* Release */,
			);
			defaultConfigurationIsVisible = 0;
			defaultConfigurationName = Release;
		};
		D924FC9A25A4D7E20049832B /* Build configuration list for PBXNativeTarget "EauDeFranceUITests" */ = {
			isa = XCConfigurationList;
			buildConfigurations = (
				D924FC9B25A4D7E20049832B /* Debug */,
				D924FC9C25A4D7E20049832B /* Release */,
			);
			defaultConfigurationIsVisible = 0;
			defaultConfigurationName = Release;
		};
/* End XCConfigurationList section */

/* Begin XCVersionGroup section */
		D924FC7325A4D7E10049832B /* EauDeFrance.xcdatamodeld */ = {
			isa = XCVersionGroup;
			children = (
				D924FC7425A4D7E10049832B /* EauDeFrance.xcdatamodel */,
			);
			currentVersion = D924FC7425A4D7E10049832B /* EauDeFrance.xcdatamodel */;
			path = EauDeFrance.xcdatamodeld;
			sourceTree = "<group>";
			versionGroupType = wrapper.xcdatamodel;
		};
/* End XCVersionGroup section */
	};
	rootObject = D924FC5F25A4D7E00049832B /* Project object */;
}
