// !$*UTF8*$!
{
	archiveVersion = 1;
	classes = {
	};
	objectVersion = 51;
	objects = {

/* Begin PBXBuildFile section */
		39A2D04C12D1D00530806CBE /* Pods_EauDeFrance_EauDeFranceUITests.framework in Frameworks */ = {isa = PBXBuildFile; fileRef = DCBA32C43CCEC059A293A8FB /* Pods_EauDeFrance_EauDeFranceUITests.framework */; };
		97850CA8AFFCE07D307E0F89 /* Pods_EauDeFrance.framework in Frameworks */ = {isa = PBXBuildFile; fileRef = 1108CD3A041AEDA24EBEA2C1 /* Pods_EauDeFrance.framework */; };
		D21F8C737E0D0A19C4655C7A /* Pods_EauDeFranceTests.framework in Frameworks */ = {isa = PBXBuildFile; fileRef = 3A224A78F34645F408BF184D /* Pods_EauDeFranceTests.framework */; };
		D905600825FD000C00876ECE /* UIButton Extension.swift in Sources */ = {isa = PBXBuildFile; fileRef = D905600725FD000C00876ECE /* UIButton Extension.swift */; };
		D905604F25FD603800876ECE /* NetworkServiceFake.swift in Sources */ = {isa = PBXBuildFile; fileRef = D905604E25FD603800876ECE /* NetworkServiceFake.swift */; };
		D905605A25FE28AD00876ECE /* TemperatureTestCase.swift in Sources */ = {isa = PBXBuildFile; fileRef = D905605925FE28AD00876ECE /* TemperatureTestCase.swift */; };
		D905605F25FE28CB00876ECE /* PiezometryTestCase.swift in Sources */ = {isa = PBXBuildFile; fileRef = D905605E25FE28CB00876ECE /* PiezometryTestCase.swift */; };
		D9070B7725EBB656008C1E80 /* shareDocViewController+CLLocationManagerDelegate .swift in Sources */ = {isa = PBXBuildFile; fileRef = D9070B7625EBB656008C1E80 /* shareDocViewController+CLLocationManagerDelegate .swift */; };
		D9070BB525EC45E3008C1E80 /* StationPageViewController+ENSideMenuDelegate1ViewController.swift in Sources */ = {isa = PBXBuildFile; fileRef = D9070BB425EC45E3008C1E80 /* StationPageViewController+ENSideMenuDelegate1ViewController.swift */; };
		D907A9F825EAA3230071ED52 /* PostalCode.json in Resources */ = {isa = PBXBuildFile; fileRef = D907A9F725EAA3230071ED52 /* PostalCode.json */; };
		D907A9FD25EAA41B0071ED52 /* ManagePostalCode.swift in Sources */ = {isa = PBXBuildFile; fileRef = D907A9FC25EAA41B0071ED52 /* ManagePostalCode.swift */; };
		D907AA0225EABED90071ED52 /* PostalCode.swift in Sources */ = {isa = PBXBuildFile; fileRef = D907AA0125EABED90071ED52 /* PostalCode.swift */; };
		D910743525AF56850099B34B /* Utilities.swift in Sources */ = {isa = PBXBuildFile; fileRef = D910743425AF56850099B34B /* Utilities.swift */; };
		D910743A25AF588A0099B34B /* TemperatureODF.swift in Sources */ = {isa = PBXBuildFile; fileRef = D910743925AF588A0099B34B /* TemperatureODF.swift */; };
		D910746825B0DE7F0099B34B /* StationService.swift in Sources */ = {isa = PBXBuildFile; fileRef = D910746725B0DE7F0099B34B /* StationService.swift */; };
		D910747525B19E590099B34B /* NetworkProtocol.swift in Sources */ = {isa = PBXBuildFile; fileRef = D910747425B19E590099B34B /* NetworkProtocol.swift */; };
		D910747A25B19EAA0099B34B /* NetworkService.swift in Sources */ = {isa = PBXBuildFile; fileRef = D910747925B19EAA0099B34B /* NetworkService.swift */; };
		D924FC6B25A4D7E10049832B /* AppDelegate.swift in Sources */ = {isa = PBXBuildFile; fileRef = D924FC6A25A4D7E10049832B /* AppDelegate.swift */; };
		D924FC6D25A4D7E10049832B /* SceneDelegate.swift in Sources */ = {isa = PBXBuildFile; fileRef = D924FC6C25A4D7E10049832B /* SceneDelegate.swift */; };
		D924FC6F25A4D7E10049832B /* MapViewController.swift in Sources */ = {isa = PBXBuildFile; fileRef = D924FC6E25A4D7E10049832B /* MapViewController.swift */; };
		D924FC7225A4D7E10049832B /* Main.storyboard in Resources */ = {isa = PBXBuildFile; fileRef = D924FC7025A4D7E10049832B /* Main.storyboard */; };
		D924FC7A25A4D7E10049832B /* LaunchScreen.storyboard in Resources */ = {isa = PBXBuildFile; fileRef = D924FC7825A4D7E10049832B /* LaunchScreen.storyboard */; };
		D924FCBB25A708B30049832B /* TemperatureStation.json in Resources */ = {isa = PBXBuildFile; fileRef = D924FCBA25A708B30049832B /* TemperatureStation.json */; };
		D924FCCF25A70B490049832B /* PiezometryHubeau.swift in Sources */ = {isa = PBXBuildFile; fileRef = D924FCCE25A70B490049832B /* PiezometryHubeau.swift */; };
		D924FCF625A71C610049832B /* ApiHubeauHeader.swift in Sources */ = {isa = PBXBuildFile; fileRef = D924FCF525A71C610049832B /* ApiHubeauHeader.swift */; };
		D924FD0125A7200F0049832B /* TemperatureHubeau.swift in Sources */ = {isa = PBXBuildFile; fileRef = D924FD0025A7200F0049832B /* TemperatureHubeau.swift */; };
		D924FD1125A72A4F0049832B /* PiezometryStation.json in Resources */ = {isa = PBXBuildFile; fileRef = D924FD1025A72A4F0049832B /* PiezometryStation.json */; };
		D924FD1F25A747420049832B /* TemperatureValue.json in Resources */ = {isa = PBXBuildFile; fileRef = D924FD1E25A747420049832B /* TemperatureValue.json */; };
		D924FD2425A7478C0049832B /* TemperatureHubeauValue.swift in Sources */ = {isa = PBXBuildFile; fileRef = D924FD2325A7478C0049832B /* TemperatureHubeauValue.swift */; };
		D92BDCDA25D5DDC400F7D829 /* ShareDocViewController.swift in Sources */ = {isa = PBXBuildFile; fileRef = D92BDCD925D5DDC400F7D829 /* ShareDocViewController.swift */; };
		D92BDCE225D6E04C00F7D829 /* ShareDocVC+UITextViewDelegate.swift in Sources */ = {isa = PBXBuildFile; fileRef = D92BDCE125D6E04C00F7D829 /* ShareDocVC+UITextViewDelegate.swift */; };
		D92BDCEA25D6F3BD00F7D829 /* ShareDocVC+MKMapViewDelegate.swift in Sources */ = {isa = PBXBuildFile; fileRef = D92BDCE925D6F3BD00F7D829 /* ShareDocVC+MKMapViewDelegate.swift */; };
		D92BDD3025D72D5C00F7D829 /* ManageODFapi.swift in Sources */ = {isa = PBXBuildFile; fileRef = D92BDD2F25D72D5C00F7D829 /* ManageODFapi.swift */; };
		D92BDD3825D72F7100F7D829 /* PiezometryODF.swift in Sources */ = {isa = PBXBuildFile; fileRef = D92BDD3725D72F7100F7D829 /* PiezometryODF.swift */; };
		D92BDD4825D7343B00F7D829 /* StationODF+MKAnnotation.swift in Sources */ = {isa = PBXBuildFile; fileRef = D92BDD4725D7343B00F7D829 /* StationODF+MKAnnotation.swift */; };
		D93872BA25EE98C200DBDAB3 /* ChartXAxisFormatter.swift in Sources */ = {isa = PBXBuildFile; fileRef = D93872B925EE98C200DBDAB3 /* ChartXAxisFormatter.swift */; };
		D93872BF25EE993600DBDAB3 /* ChartXAxisFormatter+IAxisValueFormatter.swift in Sources */ = {isa = PBXBuildFile; fileRef = D93872BE25EE993600DBDAB3 /* ChartXAxisFormatter+IAxisValueFormatter.swift */; };
		D93CD49D2602009F00381DE8 /* NoValue.json in Resources */ = {isa = PBXBuildFile; fileRef = D93CD49C2602009F00381DE8 /* NoValue.json */; };
		D93CD4AE2602435000381DE8 /* URLSessionFake.swift in Sources */ = {isa = PBXBuildFile; fileRef = D93CD4AD2602435000381DE8 /* URLSessionFake.swift */; };
		D93E70D125B9D04E00C7E7E3 /* SideMenuNavigationController.swift in Sources */ = {isa = PBXBuildFile; fileRef = D93E70D025B9D04E00C7E7E3 /* SideMenuNavigationController.swift */; };
		D93E70E425B9E74E00C7E7E3 /* SideMenuNavigationController+ENSideMenuDelegate.swift in Sources */ = {isa = PBXBuildFile; fileRef = D93E70E325B9E74E00C7E7E3 /* SideMenuNavigationController+ENSideMenuDelegate.swift */; };
		D93E70EC25B9E96C00C7E7E3 /* SideMenuTableViewController.swift in Sources */ = {isa = PBXBuildFile; fileRef = D93E70EB25B9E96C00C7E7E3 /* SideMenuTableViewController.swift */; };
		D93E710325B9F6DA00C7E7E3 /* MapViewController+ENSideMenuDelegate.swift in Sources */ = {isa = PBXBuildFile; fileRef = D93E710225B9F6DA00C7E7E3 /* MapViewController+ENSideMenuDelegate.swift */; };
		D93E712625BB704A00C7E7E3 /* ListStationViewController.swift in Sources */ = {isa = PBXBuildFile; fileRef = D93E712525BB704A00C7E7E3 /* ListStationViewController.swift */; };
		D93E712E25BB708400C7E7E3 /* ListStationVC+UITableViewDataSource.swift in Sources */ = {isa = PBXBuildFile; fileRef = D93E712D25BB708400C7E7E3 /* ListStationVC+UITableViewDataSource.swift */; };
		D93E713D25BB718000C7E7E3 /* ListStationTableViewCell.swift in Sources */ = {isa = PBXBuildFile; fileRef = D93E713C25BB718000C7E7E3 /* ListStationTableViewCell.swift */; };
		D93E714B25BC3E6200C7E7E3 /* ListStationVC+UITableViewDelegate.swift in Sources */ = {isa = PBXBuildFile; fileRef = D93E714A25BC3E6200C7E7E3 /* ListStationVC+UITableViewDelegate.swift */; };
		D93E715725BC3F7600C7E7E3 /* StationViewController.swift in Sources */ = {isa = PBXBuildFile; fileRef = D93E715625BC3F7600C7E7E3 /* StationViewController.swift */; };
		D93E717D25BCD88400C7E7E3 /* CustomButton.swift in Sources */ = {isa = PBXBuildFile; fileRef = D93E717C25BCD88400C7E7E3 /* CustomButton.swift */; };
		D947C38825F8DDB800FB4AEA /* Measure.swift in Sources */ = {isa = PBXBuildFile; fileRef = D947C38725F8DDB800FB4AEA /* Measure.swift */; };
		D947C3D425FAC3AB00FB4AEA /* DetailedStationVC+SFSafariViewControllerDelegate.swift in Sources */ = {isa = PBXBuildFile; fileRef = D947C3D325FAC3AB00FB4AEA /* DetailedStationVC+SFSafariViewControllerDelegate.swift */; };
		D96A6EAA25ECF0570003BA78 /* ImagePicker.swift in Sources */ = {isa = PBXBuildFile; fileRef = D96A6EA925ECF0570003BA78 /* ImagePicker.swift */; };
		D99467AD25E3BC89000FDF12 /* Date Extension.swift in Sources */ = {isa = PBXBuildFile; fileRef = D99467AC25E3BC89000FDF12 /* Date Extension.swift */; };
		D99467BD25E55CA6000FDF12 /* Assets.xcassets in Resources */ = {isa = PBXBuildFile; fileRef = D99467BC25E55CA5000FDF12 /* Assets.xcassets */; };
		D9996D2E25B47B7400D1EE2A /* MapViewControllerLocation+CLLocationManagerDelegate.swift in Sources */ = {isa = PBXBuildFile; fileRef = D9996D2D25B47B7400D1EE2A /* MapViewControllerLocation+CLLocationManagerDelegate.swift */; };
		D9996D3425B47C4C00D1EE2A /* VCUtilities.swift in Sources */ = {isa = PBXBuildFile; fileRef = D9996D3325B47C4C00D1EE2A /* VCUtilities.swift */; };
		D9996D5025B5A8AE00D1EE2A /* UIImageView Extension.swift in Sources */ = {isa = PBXBuildFile; fileRef = D9996D4F25B5A8AE00D1EE2A /* UIImageView Extension.swift */; };
		D9996D5525B5C0D000D1EE2A /* KeyRequest.swift in Sources */ = {isa = PBXBuildFile; fileRef = D9996D5425B5C0D000D1EE2A /* KeyRequest.swift */; };
		D9996D5B25B5C4DC00D1EE2A /* MapViewController+MKMapViewDelegate.swift in Sources */ = {isa = PBXBuildFile; fileRef = D9996D5A25B5C4DC00D1EE2A /* MapViewController+MKMapViewDelegate.swift */; };
		D9996D6C25B628A900D1EE2A /* StationAnnotationView.swift in Sources */ = {isa = PBXBuildFile; fileRef = D9996D6B25B628A900D1EE2A /* StationAnnotationView.swift */; };
		D9996D7125B62DD800D1EE2A /* CustomCallOutView.xib in Resources */ = {isa = PBXBuildFile; fileRef = D9996D7025B62DD800D1EE2A /* CustomCallOutView.xib */; };
		D9996D7625B62EC900D1EE2A /* CustomCallOutView.swift in Sources */ = {isa = PBXBuildFile; fileRef = D9996D7525B62EC900D1EE2A /* CustomCallOutView.swift */; };
		D9D2849F25EF8C9B00BAA777 /* LaunchScreenViewController.swift in Sources */ = {isa = PBXBuildFile; fileRef = D9D2849E25EF8C9B00BAA777 /* LaunchScreenViewController.swift */; };
		D9D284C825F0E38C00BAA777 /* ListStationViewController+ENSideMenuDelegate.swift in Sources */ = {isa = PBXBuildFile; fileRef = D9D284C725F0E38C00BAA777 /* ListStationViewController+ENSideMenuDelegate.swift */; };
		D9D2853725F75EA800BAA777 /* String Extension.swift in Sources */ = {isa = PBXBuildFile; fileRef = D9D2853625F75EA700BAA777 /* String Extension.swift */; };
		D9D2858D25F7DC6700BAA777 /* FakeResponseData.swift in Sources */ = {isa = PBXBuildFile; fileRef = D9D2858C25F7DC6700BAA777 /* FakeResponseData.swift */; };
		D9F9F96825C330B700193F15 /* Temperature.swift in Sources */ = {isa = PBXBuildFile; fileRef = D9F9F96725C330B700193F15 /* Temperature.swift */; };
		D9F9F98025C41E3600193F15 /* Piezometry.swift in Sources */ = {isa = PBXBuildFile; fileRef = D9F9F97F25C41E3600193F15 /* Piezometry.swift */; };
		D9F9F98A25C430C600193F15 /* StationODF.swift in Sources */ = {isa = PBXBuildFile; fileRef = D9F9F98925C430C600193F15 /* StationODF.swift */; };
		D9F9F9AE25C983F700193F15 /* ManageServiceProtocol.swift in Sources */ = {isa = PBXBuildFile; fileRef = D9F9F9AD25C983F700193F15 /* ManageServiceProtocol.swift */; };
		D9FDF05225CC96C100CBDEED /* StationPageViewController.swift in Sources */ = {isa = PBXBuildFile; fileRef = D9FDF05125CC96C100CBDEED /* StationPageViewController.swift */; };
		D9FDF06025CDB32900CBDEED /* FigureStationViewController.swift in Sources */ = {isa = PBXBuildFile; fileRef = D9FDF05F25CDB32900CBDEED /* FigureStationViewController.swift */; };
		D9FDF06525CDB34000CBDEED /* DetailedStationViewController.swift in Sources */ = {isa = PBXBuildFile; fileRef = D9FDF06425CDB34000CBDEED /* DetailedStationViewController.swift */; };
		D9FDF06A25CDB3DA00CBDEED /* GeneralStationViewController.swift in Sources */ = {isa = PBXBuildFile; fileRef = D9FDF06925CDB3DA00CBDEED /* GeneralStationViewController.swift */; };
		D9FDF0D025D13EC400CBDEED /* StationViewController+StationPageVCDelegate.swift in Sources */ = {isa = PBXBuildFile; fileRef = D9FDF0CF25D13EC400CBDEED /* StationViewController+StationPageVCDelegate.swift */; };
		D9FDF0D825D140BF00CBDEED /* StationPageViewController+UIPageVCDataSource.swift in Sources */ = {isa = PBXBuildFile; fileRef = D9FDF0D725D140BF00CBDEED /* StationPageViewController+UIPageVCDataSource.swift */; };
		D9FDF0E025D141DF00CBDEED /* StationPageViewControllerDelegateProtocol.swift in Sources */ = {isa = PBXBuildFile; fileRef = D9FDF0DF25D141DF00CBDEED /* StationPageViewControllerDelegateProtocol.swift */; };
		D9FDF0EB25D1424B00CBDEED /* StationPageViewController+UIPageVCDelegate.swift in Sources */ = {isa = PBXBuildFile; fileRef = D9FDF0EA25D1424B00CBDEED /* StationPageViewController+UIPageVCDelegate.swift */; };
		D9FDF18325D3E50D00CBDEED /* PiezometryValue.json in Resources */ = {isa = PBXBuildFile; fileRef = D9FDF18225D3E50C00CBDEED /* PiezometryValue.json */; };
		D9FDF18825D3E84500CBDEED /* PiezometryHubeauValue.swift in Sources */ = {isa = PBXBuildFile; fileRef = D9FDF18725D3E84500CBDEED /* PiezometryHubeauValue.swift */; };
/* End PBXBuildFile section */

/* Begin PBXContainerItemProxy section */
		D924FC8125A4D7E20049832B /* PBXContainerItemProxy */ = {
			isa = PBXContainerItemProxy;
			containerPortal = D924FC5F25A4D7E00049832B /* Project object */;
			proxyType = 1;
			remoteGlobalIDString = D924FC6625A4D7E00049832B;
			remoteInfo = EauDeFrance;
		};
		D924FC8C25A4D7E20049832B /* PBXContainerItemProxy */ = {
			isa = PBXContainerItemProxy;
			containerPortal = D924FC5F25A4D7E00049832B /* Project object */;
			proxyType = 1;
			remoteGlobalIDString = D924FC6625A4D7E00049832B;
			remoteInfo = EauDeFrance;
		};
/* End PBXContainerItemProxy section */

/* Begin PBXFileReference section */
		1108CD3A041AEDA24EBEA2C1 /* Pods_EauDeFrance.framework */ = {isa = PBXFileReference; explicitFileType = wrapper.framework; includeInIndex = 0; path = Pods_EauDeFrance.framework; sourceTree = BUILT_PRODUCTS_DIR; };
		3A224A78F34645F408BF184D /* Pods_EauDeFranceTests.framework */ = {isa = PBXFileReference; explicitFileType = wrapper.framework; includeInIndex = 0; path = Pods_EauDeFranceTests.framework; sourceTree = BUILT_PRODUCTS_DIR; };
		3DAF752EE5D8D5558996ACB1 /* Pods-EauDeFranceTests.release.xcconfig */ = {isa = PBXFileReference; includeInIndex = 1; lastKnownFileType = text.xcconfig; name = "Pods-EauDeFranceTests.release.xcconfig"; path = "Target Support Files/Pods-EauDeFranceTests/Pods-EauDeFranceTests.release.xcconfig"; sourceTree = "<group>"; };
		75F4B7ED2E84CFA8DBC030F5 /* Pods-EauDeFrance-EauDeFranceUITests.release.xcconfig */ = {isa = PBXFileReference; includeInIndex = 1; lastKnownFileType = text.xcconfig; name = "Pods-EauDeFrance-EauDeFranceUITests.release.xcconfig"; path = "Target Support Files/Pods-EauDeFrance-EauDeFranceUITests/Pods-EauDeFrance-EauDeFranceUITests.release.xcconfig"; sourceTree = "<group>"; };
		A1DA3220B9873C97A8218E71 /* Pods-EauDeFrance.debug.xcconfig */ = {isa = PBXFileReference; includeInIndex = 1; lastKnownFileType = text.xcconfig; name = "Pods-EauDeFrance.debug.xcconfig"; path = "Target Support Files/Pods-EauDeFrance/Pods-EauDeFrance.debug.xcconfig"; sourceTree = "<group>"; };
		AB5C9C8CA348FA34F5A9EF5C /* Pods-EauDeFranceTests.debug.xcconfig */ = {isa = PBXFileReference; includeInIndex = 1; lastKnownFileType = text.xcconfig; name = "Pods-EauDeFranceTests.debug.xcconfig"; path = "Target Support Files/Pods-EauDeFranceTests/Pods-EauDeFranceTests.debug.xcconfig"; sourceTree = "<group>"; };
		C222FA80F3FC09D89ED2924F /* Pods-EauDeFrance.release.xcconfig */ = {isa = PBXFileReference; includeInIndex = 1; lastKnownFileType = text.xcconfig; name = "Pods-EauDeFrance.release.xcconfig"; path = "Target Support Files/Pods-EauDeFrance/Pods-EauDeFrance.release.xcconfig"; sourceTree = "<group>"; };
		D905600725FD000C00876ECE /* UIButton Extension.swift */ = {isa = PBXFileReference; lastKnownFileType = sourcecode.swift; path = "UIButton Extension.swift"; sourceTree = "<group>"; };
		D905604E25FD603800876ECE /* NetworkServiceFake.swift */ = {isa = PBXFileReference; lastKnownFileType = sourcecode.swift; path = NetworkServiceFake.swift; sourceTree = "<group>"; };
		D905605925FE28AD00876ECE /* TemperatureTestCase.swift */ = {isa = PBXFileReference; lastKnownFileType = sourcecode.swift; path = TemperatureTestCase.swift; sourceTree = "<group>"; };
		D905605E25FE28CB00876ECE /* PiezometryTestCase.swift */ = {isa = PBXFileReference; lastKnownFileType = sourcecode.swift; path = PiezometryTestCase.swift; sourceTree = "<group>"; };
		D9070B7625EBB656008C1E80 /* shareDocViewController+CLLocationManagerDelegate .swift */ = {isa = PBXFileReference; lastKnownFileType = sourcecode.swift; path = "shareDocViewController+CLLocationManagerDelegate .swift"; sourceTree = "<group>"; };
		D9070BB425EC45E3008C1E80 /* StationPageViewController+ENSideMenuDelegate1ViewController.swift */ = {isa = PBXFileReference; lastKnownFileType = sourcecode.swift; path = "StationPageViewController+ENSideMenuDelegate1ViewController.swift"; sourceTree = "<group>"; };
		D907A9F725EAA3230071ED52 /* PostalCode.json */ = {isa = PBXFileReference; fileEncoding = 4; lastKnownFileType = text.json; path = PostalCode.json; sourceTree = "<group>"; };
		D907A9FC25EAA41B0071ED52 /* ManagePostalCode.swift */ = {isa = PBXFileReference; lastKnownFileType = sourcecode.swift; path = ManagePostalCode.swift; sourceTree = "<group>"; };
		D907AA0125EABED90071ED52 /* PostalCode.swift */ = {isa = PBXFileReference; lastKnownFileType = sourcecode.swift; path = PostalCode.swift; sourceTree = "<group>"; };
		D910743425AF56850099B34B /* Utilities.swift */ = {isa = PBXFileReference; lastKnownFileType = sourcecode.swift; path = Utilities.swift; sourceTree = "<group>"; };
		D910743925AF588A0099B34B /* TemperatureODF.swift */ = {isa = PBXFileReference; lastKnownFileType = sourcecode.swift; path = TemperatureODF.swift; sourceTree = "<group>"; };
		D910746725B0DE7F0099B34B /* StationService.swift */ = {isa = PBXFileReference; lastKnownFileType = sourcecode.swift; path = StationService.swift; sourceTree = "<group>"; };
		D910747425B19E590099B34B /* NetworkProtocol.swift */ = {isa = PBXFileReference; lastKnownFileType = sourcecode.swift; path = NetworkProtocol.swift; sourceTree = "<group>"; };
		D910747925B19EAA0099B34B /* NetworkService.swift */ = {isa = PBXFileReference; lastKnownFileType = sourcecode.swift; path = NetworkService.swift; sourceTree = "<group>"; };
		D924FC6725A4D7E10049832B /* EauDeFrance.app */ = {isa = PBXFileReference; explicitFileType = wrapper.application; includeInIndex = 0; path = EauDeFrance.app; sourceTree = BUILT_PRODUCTS_DIR; };
		D924FC6A25A4D7E10049832B /* AppDelegate.swift */ = {isa = PBXFileReference; lastKnownFileType = sourcecode.swift; path = AppDelegate.swift; sourceTree = "<group>"; };
		D924FC6C25A4D7E10049832B /* SceneDelegate.swift */ = {isa = PBXFileReference; lastKnownFileType = sourcecode.swift; path = SceneDelegate.swift; sourceTree = "<group>"; };
		D924FC6E25A4D7E10049832B /* MapViewController.swift */ = {isa = PBXFileReference; lastKnownFileType = sourcecode.swift; path = MapViewController.swift; sourceTree = "<group>"; };
		D924FC7125A4D7E10049832B /* Base */ = {isa = PBXFileReference; lastKnownFileType = file.storyboard; name = Base; path = Base.lproj/Main.storyboard; sourceTree = "<group>"; };
		D924FC7925A4D7E10049832B /* Base */ = {isa = PBXFileReference; lastKnownFileType = file.storyboard; name = Base; path = Base.lproj/LaunchScreen.storyboard; sourceTree = "<group>"; };
		D924FC7B25A4D7E10049832B /* Info.plist */ = {isa = PBXFileReference; lastKnownFileType = text.plist.xml; path = Info.plist; sourceTree = "<group>"; };
		D924FC8025A4D7E20049832B /* EauDeFranceTests.xctest */ = {isa = PBXFileReference; explicitFileType = wrapper.cfbundle; includeInIndex = 0; path = EauDeFranceTests.xctest; sourceTree = BUILT_PRODUCTS_DIR; };
		D924FC8B25A4D7E20049832B /* EauDeFranceUITests.xctest */ = {isa = PBXFileReference; explicitFileType = wrapper.cfbundle; includeInIndex = 0; path = EauDeFranceUITests.xctest; sourceTree = BUILT_PRODUCTS_DIR; };
		D924FCBA25A708B30049832B /* TemperatureStation.json */ = {isa = PBXFileReference; lastKnownFileType = text.json; path = TemperatureStation.json; sourceTree = "<group>"; };
		D924FCCE25A70B490049832B /* PiezometryHubeau.swift */ = {isa = PBXFileReference; lastKnownFileType = sourcecode.swift; path = PiezometryHubeau.swift; sourceTree = "<group>"; };
		D924FCF525A71C610049832B /* ApiHubeauHeader.swift */ = {isa = PBXFileReference; fileEncoding = 4; lastKnownFileType = sourcecode.swift; path = ApiHubeauHeader.swift; sourceTree = "<group>"; };
		D924FD0025A7200F0049832B /* TemperatureHubeau.swift */ = {isa = PBXFileReference; fileEncoding = 4; lastKnownFileType = sourcecode.swift; path = TemperatureHubeau.swift; sourceTree = "<group>"; };
		D924FD1025A72A4F0049832B /* PiezometryStation.json */ = {isa = PBXFileReference; lastKnownFileType = text.json; path = PiezometryStation.json; sourceTree = "<group>"; };
		D924FD1E25A747420049832B /* TemperatureValue.json */ = {isa = PBXFileReference; lastKnownFileType = text.json; path = TemperatureValue.json; sourceTree = "<group>"; };
		D924FD2325A7478C0049832B /* TemperatureHubeauValue.swift */ = {isa = PBXFileReference; lastKnownFileType = sourcecode.swift; path = TemperatureHubeauValue.swift; sourceTree = "<group>"; };
		D92BDCD925D5DDC400F7D829 /* ShareDocViewController.swift */ = {isa = PBXFileReference; lastKnownFileType = sourcecode.swift; path = ShareDocViewController.swift; sourceTree = "<group>"; };
		D92BDCE125D6E04C00F7D829 /* ShareDocVC+UITextViewDelegate.swift */ = {isa = PBXFileReference; lastKnownFileType = sourcecode.swift; path = "ShareDocVC+UITextViewDelegate.swift"; sourceTree = "<group>"; };
		D92BDCE925D6F3BD00F7D829 /* ShareDocVC+MKMapViewDelegate.swift */ = {isa = PBXFileReference; lastKnownFileType = sourcecode.swift; path = "ShareDocVC+MKMapViewDelegate.swift"; sourceTree = "<group>"; };
		D92BDD2F25D72D5C00F7D829 /* ManageODFapi.swift */ = {isa = PBXFileReference; fileEncoding = 4; lastKnownFileType = sourcecode.swift; path = ManageODFapi.swift; sourceTree = "<group>"; };
		D92BDD3725D72F7100F7D829 /* PiezometryODF.swift */ = {isa = PBXFileReference; fileEncoding = 4; lastKnownFileType = sourcecode.swift; path = PiezometryODF.swift; sourceTree = "<group>"; };
		D92BDD4725D7343B00F7D829 /* StationODF+MKAnnotation.swift */ = {isa = PBXFileReference; fileEncoding = 4; lastKnownFileType = sourcecode.swift; path = "StationODF+MKAnnotation.swift"; sourceTree = "<group>"; };
		D93872B925EE98C200DBDAB3 /* ChartXAxisFormatter.swift */ = {isa = PBXFileReference; lastKnownFileType = sourcecode.swift; path = ChartXAxisFormatter.swift; sourceTree = "<group>"; };
		D93872BE25EE993600DBDAB3 /* ChartXAxisFormatter+IAxisValueFormatter.swift */ = {isa = PBXFileReference; lastKnownFileType = sourcecode.swift; path = "ChartXAxisFormatter+IAxisValueFormatter.swift"; sourceTree = "<group>"; };
		D93CD49C2602009F00381DE8 /* NoValue.json */ = {isa = PBXFileReference; lastKnownFileType = text.json; path = NoValue.json; sourceTree = "<group>"; };
		D93CD4AD2602435000381DE8 /* URLSessionFake.swift */ = {isa = PBXFileReference; lastKnownFileType = sourcecode.swift; path = URLSessionFake.swift; sourceTree = "<group>"; };
		D93E70D025B9D04E00C7E7E3 /* SideMenuNavigationController.swift */ = {isa = PBXFileReference; lastKnownFileType = sourcecode.swift; path = SideMenuNavigationController.swift; sourceTree = "<group>"; };
		D93E70E325B9E74E00C7E7E3 /* SideMenuNavigationController+ENSideMenuDelegate.swift */ = {isa = PBXFileReference; lastKnownFileType = sourcecode.swift; path = "SideMenuNavigationController+ENSideMenuDelegate.swift"; sourceTree = "<group>"; };
		D93E70EB25B9E96C00C7E7E3 /* SideMenuTableViewController.swift */ = {isa = PBXFileReference; lastKnownFileType = sourcecode.swift; path = SideMenuTableViewController.swift; sourceTree = "<group>"; };
		D93E710225B9F6DA00C7E7E3 /* MapViewController+ENSideMenuDelegate.swift */ = {isa = PBXFileReference; lastKnownFileType = sourcecode.swift; path = "MapViewController+ENSideMenuDelegate.swift"; sourceTree = "<group>"; };
		D93E712525BB704A00C7E7E3 /* ListStationViewController.swift */ = {isa = PBXFileReference; lastKnownFileType = sourcecode.swift; path = ListStationViewController.swift; sourceTree = "<group>"; };
		D93E712D25BB708400C7E7E3 /* ListStationVC+UITableViewDataSource.swift */ = {isa = PBXFileReference; lastKnownFileType = sourcecode.swift; path = "ListStationVC+UITableViewDataSource.swift"; sourceTree = "<group>"; };
		D93E713C25BB718000C7E7E3 /* ListStationTableViewCell.swift */ = {isa = PBXFileReference; lastKnownFileType = sourcecode.swift; path = ListStationTableViewCell.swift; sourceTree = "<group>"; };
		D93E714A25BC3E6200C7E7E3 /* ListStationVC+UITableViewDelegate.swift */ = {isa = PBXFileReference; lastKnownFileType = sourcecode.swift; path = "ListStationVC+UITableViewDelegate.swift"; sourceTree = "<group>"; };
		D93E715625BC3F7600C7E7E3 /* StationViewController.swift */ = {isa = PBXFileReference; lastKnownFileType = sourcecode.swift; path = StationViewController.swift; sourceTree = "<group>"; };
		D93E717C25BCD88400C7E7E3 /* CustomButton.swift */ = {isa = PBXFileReference; lastKnownFileType = sourcecode.swift; path = CustomButton.swift; sourceTree = "<group>"; };
		D947C38725F8DDB800FB4AEA /* Measure.swift */ = {isa = PBXFileReference; fileEncoding = 4; lastKnownFileType = sourcecode.swift; path = Measure.swift; sourceTree = "<group>"; };
		D947C3D325FAC3AB00FB4AEA /* DetailedStationVC+SFSafariViewControllerDelegate.swift */ = {isa = PBXFileReference; lastKnownFileType = sourcecode.swift; path = "DetailedStationVC+SFSafariViewControllerDelegate.swift"; sourceTree = "<group>"; };
		D96A6EA925ECF0570003BA78 /* ImagePicker.swift */ = {isa = PBXFileReference; lastKnownFileType = sourcecode.swift; path = ImagePicker.swift; sourceTree = "<group>"; };
		D99467AC25E3BC89000FDF12 /* Date Extension.swift */ = {isa = PBXFileReference; lastKnownFileType = sourcecode.swift; path = "Date Extension.swift"; sourceTree = "<group>"; };
		D99467BC25E55CA5000FDF12 /* Assets.xcassets */ = {isa = PBXFileReference; lastKnownFileType = folder.assetcatalog; path = Assets.xcassets; sourceTree = "<group>"; };
		D9996D2D25B47B7400D1EE2A /* MapViewControllerLocation+CLLocationManagerDelegate.swift */ = {isa = PBXFileReference; lastKnownFileType = sourcecode.swift; path = "MapViewControllerLocation+CLLocationManagerDelegate.swift"; sourceTree = "<group>"; };
		D9996D3325B47C4C00D1EE2A /* VCUtilities.swift */ = {isa = PBXFileReference; lastKnownFileType = sourcecode.swift; path = VCUtilities.swift; sourceTree = "<group>"; };
		D9996D4F25B5A8AE00D1EE2A /* UIImageView Extension.swift */ = {isa = PBXFileReference; lastKnownFileType = sourcecode.swift; path = "UIImageView Extension.swift"; sourceTree = "<group>"; };
		D9996D5425B5C0D000D1EE2A /* KeyRequest.swift */ = {isa = PBXFileReference; lastKnownFileType = sourcecode.swift; name = KeyRequest.swift; path = ../KeyRequest.swift; sourceTree = "<group>"; };
		D9996D5A25B5C4DC00D1EE2A /* MapViewController+MKMapViewDelegate.swift */ = {isa = PBXFileReference; lastKnownFileType = sourcecode.swift; path = "MapViewController+MKMapViewDelegate.swift"; sourceTree = "<group>"; };
		D9996D6B25B628A900D1EE2A /* StationAnnotationView.swift */ = {isa = PBXFileReference; lastKnownFileType = sourcecode.swift; path = StationAnnotationView.swift; sourceTree = "<group>"; };
		D9996D7025B62DD800D1EE2A /* CustomCallOutView.xib */ = {isa = PBXFileReference; lastKnownFileType = file.xib; path = CustomCallOutView.xib; sourceTree = "<group>"; };
		D9996D7525B62EC900D1EE2A /* CustomCallOutView.swift */ = {isa = PBXFileReference; lastKnownFileType = sourcecode.swift; path = CustomCallOutView.swift; sourceTree = "<group>"; };
		D9D2849E25EF8C9B00BAA777 /* LaunchScreenViewController.swift */ = {isa = PBXFileReference; lastKnownFileType = sourcecode.swift; path = LaunchScreenViewController.swift; sourceTree = "<group>"; };
		D9D284C725F0E38C00BAA777 /* ListStationViewController+ENSideMenuDelegate.swift */ = {isa = PBXFileReference; lastKnownFileType = sourcecode.swift; path = "ListStationViewController+ENSideMenuDelegate.swift"; sourceTree = "<group>"; };
		D9D2853625F75EA700BAA777 /* String Extension.swift */ = {isa = PBXFileReference; lastKnownFileType = sourcecode.swift; path = "String Extension.swift"; sourceTree = "<group>"; };
		D9D2858C25F7DC6700BAA777 /* FakeResponseData.swift */ = {isa = PBXFileReference; lastKnownFileType = sourcecode.swift; path = FakeResponseData.swift; sourceTree = "<group>"; };
		D9F9F96725C330B700193F15 /* Temperature.swift */ = {isa = PBXFileReference; lastKnownFileType = sourcecode.swift; path = Temperature.swift; sourceTree = "<group>"; };
		D9F9F97F25C41E3600193F15 /* Piezometry.swift */ = {isa = PBXFileReference; lastKnownFileType = sourcecode.swift; path = Piezometry.swift; sourceTree = "<group>"; };
		D9F9F98925C430C600193F15 /* StationODF.swift */ = {isa = PBXFileReference; lastKnownFileType = sourcecode.swift; path = StationODF.swift; sourceTree = "<group>"; };
		D9F9F9AD25C983F700193F15 /* ManageServiceProtocol.swift */ = {isa = PBXFileReference; lastKnownFileType = sourcecode.swift; path = ManageServiceProtocol.swift; sourceTree = "<group>"; };
		D9FDF05125CC96C100CBDEED /* StationPageViewController.swift */ = {isa = PBXFileReference; lastKnownFileType = sourcecode.swift; path = StationPageViewController.swift; sourceTree = "<group>"; };
		D9FDF05F25CDB32900CBDEED /* FigureStationViewController.swift */ = {isa = PBXFileReference; lastKnownFileType = sourcecode.swift; path = FigureStationViewController.swift; sourceTree = "<group>"; };
		D9FDF06425CDB34000CBDEED /* DetailedStationViewController.swift */ = {isa = PBXFileReference; lastKnownFileType = sourcecode.swift; path = DetailedStationViewController.swift; sourceTree = "<group>"; };
		D9FDF06925CDB3DA00CBDEED /* GeneralStationViewController.swift */ = {isa = PBXFileReference; lastKnownFileType = sourcecode.swift; path = GeneralStationViewController.swift; sourceTree = "<group>"; };
		D9FDF0CF25D13EC400CBDEED /* StationViewController+StationPageVCDelegate.swift */ = {isa = PBXFileReference; lastKnownFileType = sourcecode.swift; path = "StationViewController+StationPageVCDelegate.swift"; sourceTree = "<group>"; };
		D9FDF0D725D140BF00CBDEED /* StationPageViewController+UIPageVCDataSource.swift */ = {isa = PBXFileReference; lastKnownFileType = sourcecode.swift; path = "StationPageViewController+UIPageVCDataSource.swift"; sourceTree = "<group>"; };
		D9FDF0DF25D141DF00CBDEED /* StationPageViewControllerDelegateProtocol.swift */ = {isa = PBXFileReference; lastKnownFileType = sourcecode.swift; path = StationPageViewControllerDelegateProtocol.swift; sourceTree = "<group>"; };
		D9FDF0EA25D1424B00CBDEED /* StationPageViewController+UIPageVCDelegate.swift */ = {isa = PBXFileReference; lastKnownFileType = sourcecode.swift; path = "StationPageViewController+UIPageVCDelegate.swift"; sourceTree = "<group>"; };
		D9FDF18225D3E50C00CBDEED /* PiezometryValue.json */ = {isa = PBXFileReference; lastKnownFileType = text.json; path = PiezometryValue.json; sourceTree = "<group>"; };
		D9FDF18725D3E84500CBDEED /* PiezometryHubeauValue.swift */ = {isa = PBXFileReference; lastKnownFileType = sourcecode.swift; path = PiezometryHubeauValue.swift; sourceTree = "<group>"; };
		DCBA32C43CCEC059A293A8FB /* Pods_EauDeFrance_EauDeFranceUITests.framework */ = {isa = PBXFileReference; explicitFileType = wrapper.framework; includeInIndex = 0; path = Pods_EauDeFrance_EauDeFranceUITests.framework; sourceTree = BUILT_PRODUCTS_DIR; };
		F6DD2B0D5F40BD659D1A8CEA /* Pods-EauDeFrance-EauDeFranceUITests.debug.xcconfig */ = {isa = PBXFileReference; includeInIndex = 1; lastKnownFileType = text.xcconfig; name = "Pods-EauDeFrance-EauDeFranceUITests.debug.xcconfig"; path = "Target Support Files/Pods-EauDeFrance-EauDeFranceUITests/Pods-EauDeFrance-EauDeFranceUITests.debug.xcconfig"; sourceTree = "<group>"; };
/* End PBXFileReference section */

/* Begin PBXFrameworksBuildPhase section */
		D924FC6425A4D7E00049832B /* Frameworks */ = {
			isa = PBXFrameworksBuildPhase;
			buildActionMask = 2147483647;
			files = (
				97850CA8AFFCE07D307E0F89 /* Pods_EauDeFrance.framework in Frameworks */,
			);
			runOnlyForDeploymentPostprocessing = 0;
		};
		D924FC7D25A4D7E20049832B /* Frameworks */ = {
			isa = PBXFrameworksBuildPhase;
			buildActionMask = 2147483647;
			files = (
				D21F8C737E0D0A19C4655C7A /* Pods_EauDeFranceTests.framework in Frameworks */,
			);
			runOnlyForDeploymentPostprocessing = 0;
		};
		D924FC8825A4D7E20049832B /* Frameworks */ = {
			isa = PBXFrameworksBuildPhase;
			buildActionMask = 2147483647;
			files = (
				39A2D04C12D1D00530806CBE /* Pods_EauDeFrance_EauDeFranceUITests.framework in Frameworks */,
			);
			runOnlyForDeploymentPostprocessing = 0;
		};
/* End PBXFrameworksBuildPhase section */

/* Begin PBXGroup section */
		2BF6794DA7F32CDD616286B7 /* Frameworks */ = {
			isa = PBXGroup;
			children = (
				1108CD3A041AEDA24EBEA2C1 /* Pods_EauDeFrance.framework */,
				DCBA32C43CCEC059A293A8FB /* Pods_EauDeFrance_EauDeFranceUITests.framework */,
				3A224A78F34645F408BF184D /* Pods_EauDeFranceTests.framework */,
			);
			name = Frameworks;
			sourceTree = "<group>";
		};
		9220932207E50EF6EE502372 /* Pods */ = {
			isa = PBXGroup;
			children = (
				A1DA3220B9873C97A8218E71 /* Pods-EauDeFrance.debug.xcconfig */,
				C222FA80F3FC09D89ED2924F /* Pods-EauDeFrance.release.xcconfig */,
				F6DD2B0D5F40BD659D1A8CEA /* Pods-EauDeFrance-EauDeFranceUITests.debug.xcconfig */,
				75F4B7ED2E84CFA8DBC030F5 /* Pods-EauDeFrance-EauDeFranceUITests.release.xcconfig */,
				AB5C9C8CA348FA34F5A9EF5C /* Pods-EauDeFranceTests.debug.xcconfig */,
				3DAF752EE5D8D5558996ACB1 /* Pods-EauDeFranceTests.release.xcconfig */,
			);
			path = Pods;
			sourceTree = "<group>";
		};
		D910742D25AF54DD0099B34B /* Services */ = {
			isa = PBXGroup;
			children = (
				D9F9F9AD25C983F700193F15 /* ManageServiceProtocol.swift */,
				D9F9F9B325C9845800193F15 /* Station */,
			);
			path = Services;
			sourceTree = "<group>";
		};
		D910742E25AF55CF0099B34B /* Utilities */ = {
			isa = PBXGroup;
			children = (
				D9F9F9B225C9843000193F15 /* Network */,
				D910743425AF56850099B34B /* Utilities.swift */,
			);
			path = Utilities;
			sourceTree = "<group>";
		};
		D910745125B0DCE30099B34B /* EauDeFranceStruct */ = {
			isa = PBXGroup;
			children = (
				D947C38725F8DDB800FB4AEA /* Measure.swift */,
				D9D2849A25EECE5E00BAA777 /* PostalCode */,
				D92BDD2F25D72D5C00F7D829 /* ManageODFapi.swift */,
				D9F9F98925C430C600193F15 /* StationODF.swift */,
				D92BDD4725D7343B00F7D829 /* StationODF+MKAnnotation.swift */,
				D9FDF17225D3DBDE00CBDEED /* Piezometry */,
				D9FDF17125D3DBB300CBDEED /* Temperature */,
			);
			name = EauDeFranceStruct;
			sourceTree = "<group>";
		};
		D924FC5E25A4D7E00049832B = {
			isa = PBXGroup;
			children = (
				D924FC6925A4D7E10049832B /* EauDeFrance */,
				D924FC8325A4D7E20049832B /* EauDeFranceTests */,
				D924FC6825A4D7E10049832B /* Products */,
				9220932207E50EF6EE502372 /* Pods */,
				2BF6794DA7F32CDD616286B7 /* Frameworks */,
			);
			sourceTree = "<group>";
		};
		D924FC6825A4D7E10049832B /* Products */ = {
			isa = PBXGroup;
			children = (
				D924FC6725A4D7E10049832B /* EauDeFrance.app */,
				D924FC8025A4D7E20049832B /* EauDeFranceTests.xctest */,
				D924FC8B25A4D7E20049832B /* EauDeFranceUITests.xctest */,
			);
			name = Products;
			sourceTree = "<group>";
		};
		D924FC6925A4D7E10049832B /* EauDeFrance */ = {
			isa = PBXGroup;
			children = (
				D924FCA325A4D8AD0049832B /* Model */,
				D924FCA425A4D8B70049832B /* View */,
				D924FCA525A4D8C80049832B /* Controller */,
				D924FCAC25A5FDEC0049832B /* Supporting Files */,
			);
			path = EauDeFrance;
			sourceTree = "<group>";
		};
		D924FC8325A4D7E20049832B /* EauDeFranceTests */ = {
			isa = PBXGroup;
			children = (
				D9D2858B25F7DB4900BAA777 /* ServicesTests */,
			);
			path = EauDeFranceTests;
			sourceTree = "<group>";
		};
		D924FCA325A4D8AD0049832B /* Model */ = {
			isa = PBXGroup;
			children = (
				D924FCD325A70FD90049832B /* HubeauStruct */,
				D910745125B0DCE30099B34B /* EauDeFranceStruct */,
				D910742E25AF55CF0099B34B /* Utilities */,
				D910742D25AF54DD0099B34B /* Services */,
			);
			path = Model;
			sourceTree = "<group>";
		};
		D924FCA425A4D8B70049832B /* View */ = {
			isa = PBXGroup;
			children = (
				D924FC7825A4D7E10049832B /* LaunchScreen.storyboard */,
				D924FC7025A4D7E10049832B /* Main.storyboard */,
				D9996D7025B62DD800D1EE2A /* CustomCallOutView.xib */,
			);
			path = View;
			sourceTree = "<group>";
		};
		D924FCA525A4D8C80049832B /* Controller */ = {
			isa = PBXGroup;
			children = (
				D9D2849E25EF8C9B00BAA777 /* LaunchScreenViewController.swift */,
				D93E715525BC3F4200C7E7E3 /* StationViewController */,
				D93E712425BB6F6900C7E7E3 /* ListStation */,
				D93E70CF25B9CFF000C7E7E3 /* SideMenu */,
				D9996D5925B5C49B00D1EE2A /* MapView */,
				D9996D3225B47C0E00D1EE2A /* ViewControllerUtilities */,
			);
			path = Controller;
			sourceTree = "<group>";
		};
		D924FCAC25A5FDEC0049832B /* Supporting Files */ = {
			isa = PBXGroup;
			children = (
				D924FC6A25A4D7E10049832B /* AppDelegate.swift */,
				D924FC6C25A4D7E10049832B /* SceneDelegate.swift */,
				D924FC7B25A4D7E10049832B /* Info.plist */,
				D99467BC25E55CA5000FDF12 /* Assets.xcassets */,
			);
			path = "Supporting Files";
			sourceTree = "<group>";
		};
		D924FCAD25A5FEB00049832B /* Piezometry */ = {
			isa = PBXGroup;
			children = (
				D924FCCE25A70B490049832B /* PiezometryHubeau.swift */,
				D9FDF18725D3E84500CBDEED /* PiezometryHubeauValue.swift */,
			);
			name = Piezometry;
			sourceTree = "<group>";
		};
		D924FCB225A706440049832B /* TemperatureTests */ = {
			isa = PBXGroup;
			children = (
				D924FCBA25A708B30049832B /* TemperatureStation.json */,
				D924FD1E25A747420049832B /* TemperatureValue.json */,
				D905605925FE28AD00876ECE /* TemperatureTestCase.swift */,
			);
			name = TemperatureTests;
			sourceTree = "<group>";
		};
		D924FCB425A706730049832B /* PiezometryTests */ = {
			isa = PBXGroup;
			children = (
				D924FD1025A72A4F0049832B /* PiezometryStation.json */,
				D9FDF18225D3E50C00CBDEED /* PiezometryValue.json */,
				D905605E25FE28CB00876ECE /* PiezometryTestCase.swift */,
			);
			name = PiezometryTests;
			sourceTree = "<group>";
		};
		D924FCD325A70FD90049832B /* HubeauStruct */ = {
			isa = PBXGroup;
			children = (
				D924FCD425A710400049832B /* CommonStruct */,
				D924FCFF25A71FCF0049832B /* Temperature */,
				D924FCAD25A5FEB00049832B /* Piezometry */,
			);
			path = HubeauStruct;
			sourceTree = "<group>";
		};
		D924FCD425A710400049832B /* CommonStruct */ = {
			isa = PBXGroup;
			children = (
				D9996D5425B5C0D000D1EE2A /* KeyRequest.swift */,
				D924FCF525A71C610049832B /* ApiHubeauHeader.swift */,
			);
			name = CommonStruct;
			sourceTree = "<group>";
		};
		D924FCFF25A71FCF0049832B /* Temperature */ = {
			isa = PBXGroup;
			children = (
				D924FD0025A7200F0049832B /* TemperatureHubeau.swift */,
				D924FD2325A7478C0049832B /* TemperatureHubeauValue.swift */,
			);
			name = Temperature;
			sourceTree = "<group>";
		};
		D92BDCD825D5DD9400F7D829 /* shareDoc */ = {
			isa = PBXGroup;
			children = (
				D96A6EAE25ECF0C20003BA78 /* ImagePicker */,
				D92BDCD925D5DDC400F7D829 /* ShareDocViewController.swift */,
				D9070B7625EBB656008C1E80 /* shareDocViewController+CLLocationManagerDelegate .swift */,
				D92BDCE925D6F3BD00F7D829 /* ShareDocVC+MKMapViewDelegate.swift */,
				D92BDCE125D6E04C00F7D829 /* ShareDocVC+UITextViewDelegate.swift */,
			);
			name = shareDoc;
			sourceTree = "<group>";
		};
		D93CD4AC260242C000381DE8 /* NetworkService */ = {
			isa = PBXGroup;
			children = (
				D905604E25FD603800876ECE /* NetworkServiceFake.swift */,
				D93CD49C2602009F00381DE8 /* NoValue.json */,
				D9D2858C25F7DC6700BAA777 /* FakeResponseData.swift */,
				D93CD4AD2602435000381DE8 /* URLSessionFake.swift */,
			);
			name = NetworkService;
			sourceTree = "<group>";
		};
		D93E70CF25B9CFF000C7E7E3 /* SideMenu */ = {
			isa = PBXGroup;
			children = (
				D93E70D025B9D04E00C7E7E3 /* SideMenuNavigationController.swift */,
				D93E70E325B9E74E00C7E7E3 /* SideMenuNavigationController+ENSideMenuDelegate.swift */,
				D93E70EB25B9E96C00C7E7E3 /* SideMenuTableViewController.swift */,
			);
			name = SideMenu;
			sourceTree = "<group>";
		};
		D93E712425BB6F6900C7E7E3 /* ListStation */ = {
			isa = PBXGroup;
			children = (
				D93E712525BB704A00C7E7E3 /* ListStationViewController.swift */,
				D93E712D25BB708400C7E7E3 /* ListStationVC+UITableViewDataSource.swift */,
				D93E714A25BC3E6200C7E7E3 /* ListStationVC+UITableViewDelegate.swift */,
				D93E713C25BB718000C7E7E3 /* ListStationTableViewCell.swift */,
				D9D284C725F0E38C00BAA777 /* ListStationViewController+ENSideMenuDelegate.swift */,
			);
			name = ListStation;
			sourceTree = "<group>";
		};
		D93E715525BC3F4200C7E7E3 /* StationViewController */ = {
			isa = PBXGroup;
			children = (
				D92BDCD825D5DD9400F7D829 /* shareDoc */,
				D9FDF0F525D142E300CBDEED /* PagesStation */,
				D93E715625BC3F7600C7E7E3 /* StationViewController.swift */,
				D9FDF0CF25D13EC400CBDEED /* StationViewController+StationPageVCDelegate.swift */,
				D9FDF05125CC96C100CBDEED /* StationPageViewController.swift */,
				D9FDF0D725D140BF00CBDEED /* StationPageViewController+UIPageVCDataSource.swift */,
				D9FDF0EA25D1424B00CBDEED /* StationPageViewController+UIPageVCDelegate.swift */,
				D9FDF0DF25D141DF00CBDEED /* StationPageViewControllerDelegateProtocol.swift */,
				D9070BB425EC45E3008C1E80 /* StationPageViewController+ENSideMenuDelegate1ViewController.swift */,
			);
			name = StationViewController;
			sourceTree = "<group>";
		};
		D96A6EAE25ECF0C20003BA78 /* ImagePicker */ = {
			isa = PBXGroup;
			children = (
				D96A6EA925ECF0570003BA78 /* ImagePicker.swift */,
			);
			name = ImagePicker;
			sourceTree = "<group>";
		};
		D99467AB25E3BC32000FDF12 /* ManageCharts */ = {
			isa = PBXGroup;
			children = (
				D99467AC25E3BC89000FDF12 /* Date Extension.swift */,
				D93872B925EE98C200DBDAB3 /* ChartXAxisFormatter.swift */,
				D93872BE25EE993600DBDAB3 /* ChartXAxisFormatter+IAxisValueFormatter.swift */,
			);
			name = ManageCharts;
			sourceTree = "<group>";
		};
		D9996D3225B47C0E00D1EE2A /* ViewControllerUtilities */ = {
			isa = PBXGroup;
			children = (
				D93E717C25BCD88400C7E7E3 /* CustomButton.swift */,
				D9996D3325B47C4C00D1EE2A /* VCUtilities.swift */,
				D9996D4F25B5A8AE00D1EE2A /* UIImageView Extension.swift */,
				D9D2853625F75EA700BAA777 /* String Extension.swift */,
				D905600725FD000C00876ECE /* UIButton Extension.swift */,
			);
			name = ViewControllerUtilities;
			sourceTree = "<group>";
		};
		D9996D5925B5C49B00D1EE2A /* MapView */ = {
			isa = PBXGroup;
			children = (
				D9996D8025B6CFCD00D1EE2A /* CustomCallView */,
				D924FC6E25A4D7E10049832B /* MapViewController.swift */,
				D9996D5A25B5C4DC00D1EE2A /* MapViewController+MKMapViewDelegate.swift */,
				D9996D2D25B47B7400D1EE2A /* MapViewControllerLocation+CLLocationManagerDelegate.swift */,
				D9996D6B25B628A900D1EE2A /* StationAnnotationView.swift */,
				D93E710225B9F6DA00C7E7E3 /* MapViewController+ENSideMenuDelegate.swift */,
			);
			name = MapView;
			sourceTree = "<group>";
		};
		D9996D8025B6CFCD00D1EE2A /* CustomCallView */ = {
			isa = PBXGroup;
			children = (
				D9996D7525B62EC900D1EE2A /* CustomCallOutView.swift */,
			);
			name = CustomCallView;
			sourceTree = "<group>";
		};
		D9D2849A25EECE5E00BAA777 /* PostalCode */ = {
			isa = PBXGroup;
			children = (
				D907AA0125EABED90071ED52 /* PostalCode.swift */,
				D907A9FC25EAA41B0071ED52 /* ManagePostalCode.swift */,
				D907A9F725EAA3230071ED52 /* PostalCode.json */,
			);
			name = PostalCode;
			sourceTree = "<group>";
		};
		D9D2858B25F7DB4900BAA777 /* ServicesTests */ = {
			isa = PBXGroup;
			children = (
				D93CD4AC260242C000381DE8 /* NetworkService */,
				D924FCB225A706440049832B /* TemperatureTests */,
				D924FCB425A706730049832B /* PiezometryTests */,
			);
			name = ServicesTests;
			sourceTree = "<group>";
		};
		D9F9F9B225C9843000193F15 /* Network */ = {
			isa = PBXGroup;
			children = (
				D910747925B19EAA0099B34B /* NetworkService.swift */,
				D910747425B19E590099B34B /* NetworkProtocol.swift */,
			);
			name = Network;
			sourceTree = "<group>";
		};
		D9F9F9B325C9845800193F15 /* Station */ = {
			isa = PBXGroup;
			children = (
				D910746725B0DE7F0099B34B /* StationService.swift */,
				D9F9F96725C330B700193F15 /* Temperature.swift */,
				D9F9F97F25C41E3600193F15 /* Piezometry.swift */,
			);
			name = Station;
			sourceTree = "<group>";
		};
		D9FDF0F525D142E300CBDEED /* PagesStation */ = {
			isa = PBXGroup;
			children = (
				D99467AB25E3BC32000FDF12 /* ManageCharts */,
				D9FDF06925CDB3DA00CBDEED /* GeneralStationViewController.swift */,
				D9FDF06425CDB34000CBDEED /* DetailedStationViewController.swift */,
				D947C3D325FAC3AB00FB4AEA /* DetailedStationVC+SFSafariViewControllerDelegate.swift */,
				D9FDF05F25CDB32900CBDEED /* FigureStationViewController.swift */,
			);
			name = PagesStation;
			sourceTree = "<group>";
		};
		D9FDF17125D3DBB300CBDEED /* Temperature */ = {
			isa = PBXGroup;
			children = (
				D910743925AF588A0099B34B /* TemperatureODF.swift */,
			);
			name = Temperature;
			sourceTree = "<group>";
		};
		D9FDF17225D3DBDE00CBDEED /* Piezometry */ = {
			isa = PBXGroup;
			children = (
				D92BDD3725D72F7100F7D829 /* PiezometryODF.swift */,
			);
			name = Piezometry;
			sourceTree = "<group>";
		};
/* End PBXGroup section */

/* Begin PBXNativeTarget section */
		D924FC6625A4D7E00049832B /* EauDeFrance */ = {
			isa = PBXNativeTarget;
			buildConfigurationList = D924FC9425A4D7E20049832B /* Build configuration list for PBXNativeTarget "EauDeFrance" */;
			buildPhases = (
				454CED4A357FDF068196C309 /* [CP] Check Pods Manifest.lock */,
				D924FC6325A4D7E00049832B /* Sources */,
				D924FC6425A4D7E00049832B /* Frameworks */,
				D924FC6525A4D7E00049832B /* Resources */,
				C377D86885C6F39A5FA45850 /* [CP] Embed Pods Frameworks */,
			);
			buildRules = (
			);
			dependencies = (
			);
			name = EauDeFrance;
			productName = EauDeFrance;
			productReference = D924FC6725A4D7E10049832B /* EauDeFrance.app */;
			productType = "com.apple.product-type.application";
		};
		D924FC7F25A4D7E20049832B /* EauDeFranceTests */ = {
			isa = PBXNativeTarget;
			buildConfigurationList = D924FC9725A4D7E20049832B /* Build configuration list for PBXNativeTarget "EauDeFranceTests" */;
			buildPhases = (
				0D611219624A1673EB85C98E /* [CP] Check Pods Manifest.lock */,
				D924FC7C25A4D7E20049832B /* Sources */,
				D924FC7D25A4D7E20049832B /* Frameworks */,
				D924FC7E25A4D7E20049832B /* Resources */,
			);
			buildRules = (
			);
			dependencies = (
				D924FC8225A4D7E20049832B /* PBXTargetDependency */,
			);
			name = EauDeFranceTests;
			productName = EauDeFranceTests;
			productReference = D924FC8025A4D7E20049832B /* EauDeFranceTests.xctest */;
			productType = "com.apple.product-type.bundle.unit-test";
		};
		D924FC8A25A4D7E20049832B /* EauDeFranceUITests */ = {
			isa = PBXNativeTarget;
			buildConfigurationList = D924FC9A25A4D7E20049832B /* Build configuration list for PBXNativeTarget "EauDeFranceUITests" */;
			buildPhases = (
				7ED4F153550946E822231190 /* [CP] Check Pods Manifest.lock */,
				D924FC8725A4D7E20049832B /* Sources */,
				D924FC8825A4D7E20049832B /* Frameworks */,
				D924FC8925A4D7E20049832B /* Resources */,
				E739280FFF3FBDC60B231469 /* [CP] Embed Pods Frameworks */,
			);
			buildRules = (
			);
			dependencies = (
				D924FC8D25A4D7E20049832B /* PBXTargetDependency */,
			);
			name = EauDeFranceUITests;
			productName = EauDeFranceUITests;
			productReference = D924FC8B25A4D7E20049832B /* EauDeFranceUITests.xctest */;
			productType = "com.apple.product-type.bundle.ui-testing";
		};
/* End PBXNativeTarget section */

/* Begin PBXProject section */
		D924FC5F25A4D7E00049832B /* Project object */ = {
			isa = PBXProject;
			attributes = {
				KnownAssetTags = (
					10,
					20,
				);
				LastSwiftUpdateCheck = 1230;
				LastUpgradeCheck = 1230;
				TargetAttributes = {
					D924FC6625A4D7E00049832B = {
						CreatedOnToolsVersion = 12.3;
					};
					D924FC7F25A4D7E20049832B = {
						CreatedOnToolsVersion = 12.3;
						TestTargetID = D924FC6625A4D7E00049832B;
					};
					D924FC8A25A4D7E20049832B = {
						CreatedOnToolsVersion = 12.3;
						TestTargetID = D924FC6625A4D7E00049832B;
					};
				};
			};
			buildConfigurationList = D924FC6225A4D7E00049832B /* Build configuration list for PBXProject "EauDeFrance" */;
			compatibilityVersion = "Xcode 9.3";
			developmentRegion = en;
			hasScannedForEncodings = 0;
			knownRegions = (
				en,
				Base,
			);
			mainGroup = D924FC5E25A4D7E00049832B;
			productRefGroup = D924FC6825A4D7E10049832B /* Products */;
			projectDirPath = "";
			projectRoot = "";
			targets = (
				D924FC6625A4D7E00049832B /* EauDeFrance */,
				D924FC7F25A4D7E20049832B /* EauDeFranceTests */,
				D924FC8A25A4D7E20049832B /* EauDeFranceUITests */,
			);
		};
/* End PBXProject section */

/* Begin PBXResourcesBuildPhase section */
		D924FC6525A4D7E00049832B /* Resources */ = {
			isa = PBXResourcesBuildPhase;
			buildActionMask = 2147483647;
			files = (
				D9996D7125B62DD800D1EE2A /* CustomCallOutView.xib in Resources */,
				D924FC7A25A4D7E10049832B /* LaunchScreen.storyboard in Resources */,
				D907A9F825EAA3230071ED52 /* PostalCode.json in Resources */,
				D924FC7225A4D7E10049832B /* Main.storyboard in Resources */,
				D99467BD25E55CA6000FDF12 /* Assets.xcassets in Resources */,
			);
			runOnlyForDeploymentPostprocessing = 0;
		};
		D924FC7E25A4D7E20049832B /* Resources */ = {
			isa = PBXResourcesBuildPhase;
			buildActionMask = 2147483647;
			files = (
				D924FCBB25A708B30049832B /* TemperatureStation.json in Resources */,
				D93CD49D2602009F00381DE8 /* NoValue.json in Resources */,
				D924FD1125A72A4F0049832B /* PiezometryStation.json in Resources */,
				D924FD1F25A747420049832B /* TemperatureValue.json in Resources */,
				D9FDF18325D3E50D00CBDEED /* PiezometryValue.json in Resources */,
			);
			runOnlyForDeploymentPostprocessing = 0;
		};
		D924FC8925A4D7E20049832B /* Resources */ = {
			isa = PBXResourcesBuildPhase;
			buildActionMask = 2147483647;
			files = (
			);
			runOnlyForDeploymentPostprocessing = 0;
		};
/* End PBXResourcesBuildPhase section */

/* Begin PBXShellScriptBuildPhase section */
		0D611219624A1673EB85C98E /* [CP] Check Pods Manifest.lock */ = {
			isa = PBXShellScriptBuildPhase;
			buildActionMask = 2147483647;
			files = (
			);
			inputFileListPaths = (
			);
			inputPaths = (
				"${PODS_PODFILE_DIR_PATH}/Podfile.lock",
				"${PODS_ROOT}/Manifest.lock",
			);
			name = "[CP] Check Pods Manifest.lock";
			outputFileListPaths = (
			);
			outputPaths = (
				"$(DERIVED_FILE_DIR)/Pods-EauDeFranceTests-checkManifestLockResult.txt",
			);
			runOnlyForDeploymentPostprocessing = 0;
			shellPath = /bin/sh;
			shellScript = "diff \"${PODS_PODFILE_DIR_PATH}/Podfile.lock\" \"${PODS_ROOT}/Manifest.lock\" > /dev/null\nif [ $? != 0 ] ; then\n    # print error to STDERR\n    echo \"error: The sandbox is not in sync with the Podfile.lock. Run 'pod install' or update your CocoaPods installation.\" >&2\n    exit 1\nfi\n# This output is used by Xcode 'outputs' to avoid re-running this script phase.\necho \"SUCCESS\" > \"${SCRIPT_OUTPUT_FILE_0}\"\n";
			showEnvVarsInLog = 0;
		};
		454CED4A357FDF068196C309 /* [CP] Check Pods Manifest.lock */ = {
			isa = PBXShellScriptBuildPhase;
			buildActionMask = 2147483647;
			files = (
			);
			inputFileListPaths = (
			);
			inputPaths = (
				"${PODS_PODFILE_DIR_PATH}/Podfile.lock",
				"${PODS_ROOT}/Manifest.lock",
			);
			name = "[CP] Check Pods Manifest.lock";
			outputFileListPaths = (
			);
			outputPaths = (
				"$(DERIVED_FILE_DIR)/Pods-EauDeFrance-checkManifestLockResult.txt",
			);
			runOnlyForDeploymentPostprocessing = 0;
			shellPath = /bin/sh;
			shellScript = "diff \"${PODS_PODFILE_DIR_PATH}/Podfile.lock\" \"${PODS_ROOT}/Manifest.lock\" > /dev/null\nif [ $? != 0 ] ; then\n    # print error to STDERR\n    echo \"error: The sandbox is not in sync with the Podfile.lock. Run 'pod install' or update your CocoaPods installation.\" >&2\n    exit 1\nfi\n# This output is used by Xcode 'outputs' to avoid re-running this script phase.\necho \"SUCCESS\" > \"${SCRIPT_OUTPUT_FILE_0}\"\n";
			showEnvVarsInLog = 0;
		};
		7ED4F153550946E822231190 /* [CP] Check Pods Manifest.lock */ = {
			isa = PBXShellScriptBuildPhase;
			buildActionMask = 2147483647;
			files = (
			);
			inputFileListPaths = (
			);
			inputPaths = (
				"${PODS_PODFILE_DIR_PATH}/Podfile.lock",
				"${PODS_ROOT}/Manifest.lock",
			);
			name = "[CP] Check Pods Manifest.lock";
			outputFileListPaths = (
			);
			outputPaths = (
				"$(DERIVED_FILE_DIR)/Pods-EauDeFrance-EauDeFranceUITests-checkManifestLockResult.txt",
			);
			runOnlyForDeploymentPostprocessing = 0;
			shellPath = /bin/sh;
			shellScript = "diff \"${PODS_PODFILE_DIR_PATH}/Podfile.lock\" \"${PODS_ROOT}/Manifest.lock\" > /dev/null\nif [ $? != 0 ] ; then\n    # print error to STDERR\n    echo \"error: The sandbox is not in sync with the Podfile.lock. Run 'pod install' or update your CocoaPods installation.\" >&2\n    exit 1\nfi\n# This output is used by Xcode 'outputs' to avoid re-running this script phase.\necho \"SUCCESS\" > \"${SCRIPT_OUTPUT_FILE_0}\"\n";
			showEnvVarsInLog = 0;
		};
		C377D86885C6F39A5FA45850 /* [CP] Embed Pods Frameworks */ = {
			isa = PBXShellScriptBuildPhase;
			buildActionMask = 2147483647;
			files = (
			);
			inputFileListPaths = (
				"${PODS_ROOT}/Target Support Files/Pods-EauDeFrance/Pods-EauDeFrance-frameworks-${CONFIGURATION}-input-files.xcfilelist",
			);
			name = "[CP] Embed Pods Frameworks";
			outputFileListPaths = (
				"${PODS_ROOT}/Target Support Files/Pods-EauDeFrance/Pods-EauDeFrance-frameworks-${CONFIGURATION}-output-files.xcfilelist",
			);
			runOnlyForDeploymentPostprocessing = 0;
			shellPath = /bin/sh;
			shellScript = "\"${PODS_ROOT}/Target Support Files/Pods-EauDeFrance/Pods-EauDeFrance-frameworks.sh\"\n";
			showEnvVarsInLog = 0;
		};
		E739280FFF3FBDC60B231469 /* [CP] Embed Pods Frameworks */ = {
			isa = PBXShellScriptBuildPhase;
			buildActionMask = 2147483647;
			files = (
			);
			inputFileListPaths = (
				"${PODS_ROOT}/Target Support Files/Pods-EauDeFrance-EauDeFranceUITests/Pods-EauDeFrance-EauDeFranceUITests-frameworks-${CONFIGURATION}-input-files.xcfilelist",
			);
			name = "[CP] Embed Pods Frameworks";
			outputFileListPaths = (
				"${PODS_ROOT}/Target Support Files/Pods-EauDeFrance-EauDeFranceUITests/Pods-EauDeFrance-EauDeFranceUITests-frameworks-${CONFIGURATION}-output-files.xcfilelist",
			);
			runOnlyForDeploymentPostprocessing = 0;
			shellPath = /bin/sh;
			shellScript = "\"${PODS_ROOT}/Target Support Files/Pods-EauDeFrance-EauDeFranceUITests/Pods-EauDeFrance-EauDeFranceUITests-frameworks.sh\"\n";
			showEnvVarsInLog = 0;
		};
/* End PBXShellScriptBuildPhase section */

/* Begin PBXSourcesBuildPhase section */
		D924FC6325A4D7E00049832B /* Sources */ = {
			isa = PBXSourcesBuildPhase;
			buildActionMask = 2147483647;
			files = (
				D93E70E425B9E74E00C7E7E3 /* SideMenuNavigationController+ENSideMenuDelegate.swift in Sources */,
				D910747525B19E590099B34B /* NetworkProtocol.swift in Sources */,
				D907A9FD25EAA41B0071ED52 /* ManagePostalCode.swift in Sources */,
				D96A6EAA25ECF0570003BA78 /* ImagePicker.swift in Sources */,
				D93E713D25BB718000C7E7E3 /* ListStationTableViewCell.swift in Sources */,
				D924FC6F25A4D7E10049832B /* MapViewController.swift in Sources */,
				D924FC6B25A4D7E10049832B /* AppDelegate.swift in Sources */,
				D910747A25B19EAA0099B34B /* NetworkService.swift in Sources */,
				D9996D5025B5A8AE00D1EE2A /* UIImageView Extension.swift in Sources */,
				D9FDF0E025D141DF00CBDEED /* StationPageViewControllerDelegateProtocol.swift in Sources */,
				D9FDF05225CC96C100CBDEED /* StationPageViewController.swift in Sources */,
				D9070BB525EC45E3008C1E80 /* StationPageViewController+ENSideMenuDelegate1ViewController.swift in Sources */,
				D9996D3425B47C4C00D1EE2A /* VCUtilities.swift in Sources */,
				D9D284C825F0E38C00BAA777 /* ListStationViewController+ENSideMenuDelegate.swift in Sources */,
				D93E70EC25B9E96C00C7E7E3 /* SideMenuTableViewController.swift in Sources */,
				D93E70D125B9D04E00C7E7E3 /* SideMenuNavigationController.swift in Sources */,
				D947C38825F8DDB800FB4AEA /* Measure.swift in Sources */,
				D924FC6D25A4D7E10049832B /* SceneDelegate.swift in Sources */,
				D92BDCE225D6E04C00F7D829 /* ShareDocVC+UITextViewDelegate.swift in Sources */,
				D9F9F98A25C430C600193F15 /* StationODF.swift in Sources */,
				D92BDD3825D72F7100F7D829 /* PiezometryODF.swift in Sources */,
				D93E712625BB704A00C7E7E3 /* ListStationViewController.swift in Sources */,
				D9FDF0D825D140BF00CBDEED /* StationPageViewController+UIPageVCDataSource.swift in Sources */,
				D924FCF625A71C610049832B /* ApiHubeauHeader.swift in Sources */,
				D910743525AF56850099B34B /* Utilities.swift in Sources */,
				D924FCCF25A70B490049832B /* PiezometryHubeau.swift in Sources */,
				D92BDD4825D7343B00F7D829 /* StationODF+MKAnnotation.swift in Sources */,
				D92BDD3025D72D5C00F7D829 /* ManageODFapi.swift in Sources */,
				D93872BA25EE98C200DBDAB3 /* ChartXAxisFormatter.swift in Sources */,
				D9070B7725EBB656008C1E80 /* shareDocViewController+CLLocationManagerDelegate .swift in Sources */,
				D9F9F96825C330B700193F15 /* Temperature.swift in Sources */,
				D9FDF0D025D13EC400CBDEED /* StationViewController+StationPageVCDelegate.swift in Sources */,
				D9F9F9AE25C983F700193F15 /* ManageServiceProtocol.swift in Sources */,
				D9996D5B25B5C4DC00D1EE2A /* MapViewController+MKMapViewDelegate.swift in Sources */,
				D9FDF06525CDB34000CBDEED /* DetailedStationViewController.swift in Sources */,
				D9FDF0EB25D1424B00CBDEED /* StationPageViewController+UIPageVCDelegate.swift in Sources */,
				D907AA0225EABED90071ED52 /* PostalCode.swift in Sources */,
				D9996D7625B62EC900D1EE2A /* CustomCallOutView.swift in Sources */,
				D92BDCEA25D6F3BD00F7D829 /* ShareDocVC+MKMapViewDelegate.swift in Sources */,
				D905600825FD000C00876ECE /* UIButton Extension.swift in Sources */,
				D910743A25AF588A0099B34B /* TemperatureODF.swift in Sources */,
				D93E714B25BC3E6200C7E7E3 /* ListStationVC+UITableViewDelegate.swift in Sources */,
				D9996D6C25B628A900D1EE2A /* StationAnnotationView.swift in Sources */,
				D93E712E25BB708400C7E7E3 /* ListStationVC+UITableViewDataSource.swift in Sources */,
				D92BDCDA25D5DDC400F7D829 /* ShareDocViewController.swift in Sources */,
				D93E715725BC3F7600C7E7E3 /* StationViewController.swift in Sources */,
				D93E710325B9F6DA00C7E7E3 /* MapViewController+ENSideMenuDelegate.swift in Sources */,
				D947C3D425FAC3AB00FB4AEA /* DetailedStationVC+SFSafariViewControllerDelegate.swift in Sources */,
				D9F9F98025C41E3600193F15 /* Piezometry.swift in Sources */,
				D99467AD25E3BC89000FDF12 /* Date Extension.swift in Sources */,
				D9D2853725F75EA800BAA777 /* String Extension.swift in Sources */,
				D9996D5525B5C0D000D1EE2A /* KeyRequest.swift in Sources */,
				D9D2849F25EF8C9B00BAA777 /* LaunchScreenViewController.swift in Sources */,
				D9FDF18825D3E84500CBDEED /* PiezometryHubeauValue.swift in Sources */,
				D924FD2425A7478C0049832B /* TemperatureHubeauValue.swift in Sources */,
				D9996D2E25B47B7400D1EE2A /* MapViewControllerLocation+CLLocationManagerDelegate.swift in Sources */,
				D93872BF25EE993600DBDAB3 /* ChartXAxisFormatter+IAxisValueFormatter.swift in Sources */,
				D9FDF06025CDB32900CBDEED /* FigureStationViewController.swift in Sources */,
				D93E717D25BCD88400C7E7E3 /* CustomButton.swift in Sources */,
				D924FD0125A7200F0049832B /* TemperatureHubeau.swift in Sources */,
				D910746825B0DE7F0099B34B /* StationService.swift in Sources */,
				D9FDF06A25CDB3DA00CBDEED /* GeneralStationViewController.swift in Sources */,
			);
			runOnlyForDeploymentPostprocessing = 0;
		};
		D924FC7C25A4D7E20049832B /* Sources */ = {
			isa = PBXSourcesBuildPhase;
			buildActionMask = 2147483647;
			files = (
				D905604F25FD603800876ECE /* NetworkServiceFake.swift in Sources */,
				D93CD4AE2602435000381DE8 /* URLSessionFake.swift in Sources */,
				D9D2858D25F7DC6700BAA777 /* FakeResponseData.swift in Sources */,
				D905605A25FE28AD00876ECE /* TemperatureTestCase.swift in Sources */,
				D905605F25FE28CB00876ECE /* PiezometryTestCase.swift in Sources */,
			);
			runOnlyForDeploymentPostprocessing = 0;
		};
		D924FC8725A4D7E20049832B /* Sources */ = {
			isa = PBXSourcesBuildPhase;
			buildActionMask = 2147483647;
			files = (
			);
			runOnlyForDeploymentPostprocessing = 0;
		};
/* End PBXSourcesBuildPhase section */

/* Begin PBXTargetDependency section */
		D924FC8225A4D7E20049832B /* PBXTargetDependency */ = {
			isa = PBXTargetDependency;
			target = D924FC6625A4D7E00049832B /* EauDeFrance */;
			targetProxy = D924FC8125A4D7E20049832B /* PBXContainerItemProxy */;
		};
		D924FC8D25A4D7E20049832B /* PBXTargetDependency */ = {
			isa = PBXTargetDependency;
			target = D924FC6625A4D7E00049832B /* EauDeFrance */;
			targetProxy = D924FC8C25A4D7E20049832B /* PBXContainerItemProxy */;
		};
/* End PBXTargetDependency section */

/* Begin PBXVariantGroup section */
		D924FC7025A4D7E10049832B /* Main.storyboard */ = {
			isa = PBXVariantGroup;
			children = (
				D924FC7125A4D7E10049832B /* Base */,
			);
			name = Main.storyboard;
			sourceTree = "<group>";
		};
		D924FC7825A4D7E10049832B /* LaunchScreen.storyboard */ = {
			isa = PBXVariantGroup;
			children = (
				D924FC7925A4D7E10049832B /* Base */,
			);
			name = LaunchScreen.storyboard;
			sourceTree = "<group>";
		};
/* End PBXVariantGroup section */

/* Begin XCBuildConfiguration section */
		D924FC9225A4D7E20049832B /* Debug */ = {
			isa = XCBuildConfiguration;
			buildSettings = {
				ALWAYS_SEARCH_USER_PATHS = NO;
				CLANG_ANALYZER_NONNULL = YES;
				CLANG_ANALYZER_NUMBER_OBJECT_CONVERSION = YES_AGGRESSIVE;
				CLANG_CXX_LANGUAGE_STANDARD = "gnu++14";
				CLANG_CXX_LIBRARY = "libc++";
				CLANG_ENABLE_MODULES = YES;
				CLANG_ENABLE_OBJC_ARC = YES;
				CLANG_ENABLE_OBJC_WEAK = YES;
				CLANG_WARN_BLOCK_CAPTURE_AUTORELEASING = YES;
				CLANG_WARN_BOOL_CONVERSION = YES;
				CLANG_WARN_COMMA = YES;
				CLANG_WARN_CONSTANT_CONVERSION = YES;
				CLANG_WARN_DEPRECATED_OBJC_IMPLEMENTATIONS = YES;
				CLANG_WARN_DIRECT_OBJC_ISA_USAGE = YES_ERROR;
				CLANG_WARN_DOCUMENTATION_COMMENTS = YES;
				CLANG_WARN_EMPTY_BODY = YES;
				CLANG_WARN_ENUM_CONVERSION = YES;
				CLANG_WARN_INFINITE_RECURSION = YES;
				CLANG_WARN_INT_CONVERSION = YES;
				CLANG_WARN_NON_LITERAL_NULL_CONVERSION = YES;
				CLANG_WARN_OBJC_IMPLICIT_RETAIN_SELF = YES;
				CLANG_WARN_OBJC_LITERAL_CONVERSION = YES;
				CLANG_WARN_OBJC_ROOT_CLASS = YES_ERROR;
				CLANG_WARN_QUOTED_INCLUDE_IN_FRAMEWORK_HEADER = YES;
				CLANG_WARN_RANGE_LOOP_ANALYSIS = YES;
				CLANG_WARN_STRICT_PROTOTYPES = YES;
				CLANG_WARN_SUSPICIOUS_MOVE = YES;
				CLANG_WARN_UNGUARDED_AVAILABILITY = YES_AGGRESSIVE;
				CLANG_WARN_UNREACHABLE_CODE = YES;
				CLANG_WARN__DUPLICATE_METHOD_MATCH = YES;
				COPY_PHASE_STRIP = NO;
				DEBUG_INFORMATION_FORMAT = dwarf;
				ENABLE_STRICT_OBJC_MSGSEND = YES;
				ENABLE_TESTABILITY = YES;
				GCC_C_LANGUAGE_STANDARD = gnu11;
				GCC_DYNAMIC_NO_PIC = NO;
				GCC_NO_COMMON_BLOCKS = YES;
				GCC_OPTIMIZATION_LEVEL = 0;
				GCC_PREPROCESSOR_DEFINITIONS = (
					"DEBUG=1",
					"$(inherited)",
				);
				GCC_WARN_64_TO_32_BIT_CONVERSION = YES;
				GCC_WARN_ABOUT_RETURN_TYPE = YES_ERROR;
				GCC_WARN_UNDECLARED_SELECTOR = YES;
				GCC_WARN_UNINITIALIZED_AUTOS = YES_AGGRESSIVE;
				GCC_WARN_UNUSED_FUNCTION = YES;
				GCC_WARN_UNUSED_VARIABLE = YES;
				IPHONEOS_DEPLOYMENT_TARGET = 12.0;
				MTL_ENABLE_DEBUG_INFO = INCLUDE_SOURCE;
				MTL_FAST_MATH = YES;
				ONLY_ACTIVE_ARCH = YES;
				SDKROOT = iphoneos;
				SWIFT_ACTIVE_COMPILATION_CONDITIONS = DEBUG;
				SWIFT_OPTIMIZATION_LEVEL = "-Onone";
			};
			name = Debug;
		};
		D924FC9325A4D7E20049832B /* Release */ = {
			isa = XCBuildConfiguration;
			buildSettings = {
				ALWAYS_SEARCH_USER_PATHS = NO;
				CLANG_ANALYZER_NONNULL = YES;
				CLANG_ANALYZER_NUMBER_OBJECT_CONVERSION = YES_AGGRESSIVE;
				CLANG_CXX_LANGUAGE_STANDARD = "gnu++14";
				CLANG_CXX_LIBRARY = "libc++";
				CLANG_ENABLE_MODULES = YES;
				CLANG_ENABLE_OBJC_ARC = YES;
				CLANG_ENABLE_OBJC_WEAK = YES;
				CLANG_WARN_BLOCK_CAPTURE_AUTORELEASING = YES;
				CLANG_WARN_BOOL_CONVERSION = YES;
				CLANG_WARN_COMMA = YES;
				CLANG_WARN_CONSTANT_CONVERSION = YES;
				CLANG_WARN_DEPRECATED_OBJC_IMPLEMENTATIONS = YES;
				CLANG_WARN_DIRECT_OBJC_ISA_USAGE = YES_ERROR;
				CLANG_WARN_DOCUMENTATION_COMMENTS = YES;
				CLANG_WARN_EMPTY_BODY = YES;
				CLANG_WARN_ENUM_CONVERSION = YES;
				CLANG_WARN_INFINITE_RECURSION = YES;
				CLANG_WARN_INT_CONVERSION = YES;
				CLANG_WARN_NON_LITERAL_NULL_CONVERSION = YES;
				CLANG_WARN_OBJC_IMPLICIT_RETAIN_SELF = YES;
				CLANG_WARN_OBJC_LITERAL_CONVERSION = YES;
				CLANG_WARN_OBJC_ROOT_CLASS = YES_ERROR;
				CLANG_WARN_QUOTED_INCLUDE_IN_FRAMEWORK_HEADER = YES;
				CLANG_WARN_RANGE_LOOP_ANALYSIS = YES;
				CLANG_WARN_STRICT_PROTOTYPES = YES;
				CLANG_WARN_SUSPICIOUS_MOVE = YES;
				CLANG_WARN_UNGUARDED_AVAILABILITY = YES_AGGRESSIVE;
				CLANG_WARN_UNREACHABLE_CODE = YES;
				CLANG_WARN__DUPLICATE_METHOD_MATCH = YES;
				COPY_PHASE_STRIP = NO;
				DEBUG_INFORMATION_FORMAT = "dwarf-with-dsym";
				ENABLE_NS_ASSERTIONS = NO;
				ENABLE_STRICT_OBJC_MSGSEND = YES;
				GCC_C_LANGUAGE_STANDARD = gnu11;
				GCC_NO_COMMON_BLOCKS = YES;
				GCC_WARN_64_TO_32_BIT_CONVERSION = YES;
				GCC_WARN_ABOUT_RETURN_TYPE = YES_ERROR;
				GCC_WARN_UNDECLARED_SELECTOR = YES;
				GCC_WARN_UNINITIALIZED_AUTOS = YES_AGGRESSIVE;
				GCC_WARN_UNUSED_FUNCTION = YES;
				GCC_WARN_UNUSED_VARIABLE = YES;
				IPHONEOS_DEPLOYMENT_TARGET = 12.0;
				MTL_ENABLE_DEBUG_INFO = NO;
				MTL_FAST_MATH = YES;
				SDKROOT = iphoneos;
				SWIFT_COMPILATION_MODE = wholemodule;
				SWIFT_OPTIMIZATION_LEVEL = "-O";
				VALIDATE_PRODUCT = YES;
			};
			name = Release;
		};
		D924FC9525A4D7E20049832B /* Debug */ = {
			isa = XCBuildConfiguration;
			baseConfigurationReference = A1DA3220B9873C97A8218E71 /* Pods-EauDeFrance.debug.xcconfig */;
			buildSettings = {
				ASSETCATALOG_COMPILER_APPICON_NAME = AppIcon;
				ASSETCATALOG_COMPILER_GLOBAL_ACCENT_COLOR_NAME = AccentColor;
				CODE_SIGN_STYLE = Automatic;
				DEVELOPMENT_TEAM = 24V626T3JX;
				INFOPLIST_FILE = "$(SRCROOT)/EauDeFrance/Supporting Files/Info.plist";
				LD_RUNPATH_SEARCH_PATHS = (
					"$(inherited)",
					"@executable_path/Frameworks",
				);
				PRODUCT_BUNDLE_IDENTIFIER = FR.DIGIT74.EauDeFrance;
				PRODUCT_NAME = "$(TARGET_NAME)";
				SWIFT_VERSION = 5.0;
				TARGETED_DEVICE_FAMILY = "1,2";
			};
			name = Debug;
		};
		D924FC9625A4D7E20049832B /* Release */ = {
			isa = XCBuildConfiguration;
			baseConfigurationReference = C222FA80F3FC09D89ED2924F /* Pods-EauDeFrance.release.xcconfig */;
			buildSettings = {
				ASSETCATALOG_COMPILER_APPICON_NAME = AppIcon;
				ASSETCATALOG_COMPILER_GLOBAL_ACCENT_COLOR_NAME = AccentColor;
				CODE_SIGN_STYLE = Automatic;
				DEVELOPMENT_TEAM = 24V626T3JX;
				INFOPLIST_FILE = "$(SRCROOT)/EauDeFrance/Supporting Files/Info.plist";
				LD_RUNPATH_SEARCH_PATHS = (
					"$(inherited)",
					"@executable_path/Frameworks",
				);
				PRODUCT_BUNDLE_IDENTIFIER = FR.DIGIT74.EauDeFrance;
				PRODUCT_NAME = "$(TARGET_NAME)";
				SWIFT_VERSION = 5.0;
				TARGETED_DEVICE_FAMILY = "1,2";
			};
			name = Release;
		};
		D924FC9825A4D7E20049832B /* Debug */ = {
			isa = XCBuildConfiguration;
			baseConfigurationReference = AB5C9C8CA348FA34F5A9EF5C /* Pods-EauDeFranceTests.debug.xcconfig */;
			buildSettings = {
				ALWAYS_EMBED_SWIFT_STANDARD_LIBRARIES = YES;
				BUNDLE_LOADER = "$(TEST_HOST)";
				CODE_SIGN_STYLE = Automatic;
				DEVELOPMENT_TEAM = 24V626T3JX;
				INFOPLIST_FILE = EauDeFranceTests/Info.plist;
				IPHONEOS_DEPLOYMENT_TARGET = 14.3;
				LD_RUNPATH_SEARCH_PATHS = (
					"$(inherited)",
					"@executable_path/Frameworks",
					"@loader_path/Frameworks",
				);
				PRODUCT_BUNDLE_IDENTIFIER = FR.DIGIT74.EauDeFranceTests;
				PRODUCT_NAME = "$(TARGET_NAME)";
				SWIFT_VERSION = 5.0;
				TARGETED_DEVICE_FAMILY = "1,2";
				TEST_HOST = "$(BUILT_PRODUCTS_DIR)/EauDeFrance.app/EauDeFrance";
			};
			name = Debug;
		};
		D924FC9925A4D7E20049832B /* Release */ = {
			isa = XCBuildConfiguration;
			baseConfigurationReference = 3DAF752EE5D8D5558996ACB1 /* Pods-EauDeFranceTests.release.xcconfig */;
			buildSettings = {
				ALWAYS_EMBED_SWIFT_STANDARD_LIBRARIES = YES;
				BUNDLE_LOADER = "$(TEST_HOST)";
				CODE_SIGN_STYLE = Automatic;
				DEVELOPMENT_TEAM = 24V626T3JX;
				INFOPLIST_FILE = EauDeFranceTests/Info.plist;
				IPHONEOS_DEPLOYMENT_TARGET = 14.3;
				LD_RUNPATH_SEARCH_PATHS = (
					"$(inherited)",
					"@executable_path/Frameworks",
					"@loader_path/Frameworks",
				);
				PRODUCT_BUNDLE_IDENTIFIER = FR.DIGIT74.EauDeFranceTests;
				PRODUCT_NAME = "$(TARGET_NAME)";
				SWIFT_VERSION = 5.0;
				TARGETED_DEVICE_FAMILY = "1,2";
				TEST_HOST = "$(BUILT_PRODUCTS_DIR)/EauDeFrance.app/EauDeFrance";
			};
			name = Release;
		};
		D924FC9B25A4D7E20049832B /* Debug */ = {
			isa = XCBuildConfiguration;
			baseConfigurationReference = F6DD2B0D5F40BD659D1A8CEA /* Pods-EauDeFrance-EauDeFranceUITests.debug.xcconfig */;
			buildSettings = {
				ALWAYS_EMBED_SWIFT_STANDARD_LIBRARIES = "$(inherited)";
				CODE_SIGN_STYLE = Automatic;
				DEVELOPMENT_TEAM = 24V626T3JX;
				INFOPLIST_FILE = EauDeFranceUITests/Info.plist;
				LD_RUNPATH_SEARCH_PATHS = (
					"$(inherited)",
					"@executable_path/Frameworks",
					"@loader_path/Frameworks",
				);
				PRODUCT_BUNDLE_IDENTIFIER = FR.DIGIT74.EauDeFranceUITests;
				PRODUCT_NAME = "$(TARGET_NAME)";
				PROVISIONING_PROFILE = "";
				SWIFT_VERSION = 5.0;
				TARGETED_DEVICE_FAMILY = "1,2";
				TEST_TARGET_NAME = EauDeFrance;
			};
			name = Debug;
		};
		D924FC9C25A4D7E20049832B /* Release */ = {
			isa = XCBuildConfiguration;
			baseConfigurationReference = 75F4B7ED2E84CFA8DBC030F5 /* Pods-EauDeFrance-EauDeFranceUITests.release.xcconfig */;
			buildSettings = {
				ALWAYS_EMBED_SWIFT_STANDARD_LIBRARIES = "$(inherited)";
				CODE_SIGN_STYLE = Automatic;
				DEVELOPMENT_TEAM = 24V626T3JX;
				INFOPLIST_FILE = EauDeFranceUITests/Info.plist;
				LD_RUNPATH_SEARCH_PATHS = (
					"$(inherited)",
					"@executable_path/Frameworks",
					"@loader_path/Frameworks",
				);
				PRODUCT_BUNDLE_IDENTIFIER = FR.DIGIT74.EauDeFranceUITests;
				PRODUCT_NAME = "$(TARGET_NAME)";
				PROVISIONING_PROFILE = "";
				SWIFT_VERSION = 5.0;
				TARGETED_DEVICE_FAMILY = "1,2";
				TEST_TARGET_NAME = EauDeFrance;
			};
			name = Release;
		};
/* End XCBuildConfiguration section */

/* Begin XCConfigurationList section */
		D924FC6225A4D7E00049832B /* Build configuration list for PBXProject "EauDeFrance" */ = {
			isa = XCConfigurationList;
			buildConfigurations = (
				D924FC9225A4D7E20049832B /* Debug */,
				D924FC9325A4D7E20049832B /* Release */,
			);
			defaultConfigurationIsVisible = 0;
			defaultConfigurationName = Release;
		};
		D924FC9425A4D7E20049832B /* Build configuration list for PBXNativeTarget "EauDeFrance" */ = {
			isa = XCConfigurationList;
			buildConfigurations = (
				D924FC9525A4D7E20049832B /* Debug */,
				D924FC9625A4D7E20049832B /* Release */,
			);
			defaultConfigurationIsVisible = 0;
			defaultConfigurationName = Release;
		};
		D924FC9725A4D7E20049832B /* Build configuration list for PBXNativeTarget "EauDeFranceTests" */ = {
			isa = XCConfigurationList;
			buildConfigurations = (
				D924FC9825A4D7E20049832B /* Debug */,
				D924FC9925A4D7E20049832B /* Release */,
			);
			defaultConfigurationIsVisible = 0;
			defaultConfigurationName = Release;
		};
		D924FC9A25A4D7E20049832B /* Build configuration list for PBXNativeTarget "EauDeFranceUITests" */ = {
			isa = XCConfigurationList;
			buildConfigurations = (
				D924FC9B25A4D7E20049832B /* Debug */,
				D924FC9C25A4D7E20049832B /* Release */,
			);
			defaultConfigurationIsVisible = 0;
			defaultConfigurationName = Release;
		};
/* End XCConfigurationList section */
	};
	rootObject = D924FC5F25A4D7E00049832B /* Project object */;
}
